{
  "version": 4,
  "terraform_version": "1.1.6",
  "serial": 258,
  "lineage": "93508aae-770b-b27f-b8c8-a36bd4cd1e2d",
  "outputs": {
    "endpoint": {
      "value": "https://A2C7936C9142D375AC12F3178AB3E708.gr7.us-east-1.eks.amazonaws.com",
      "type": "string"
    },
    "kubeconfig-certificate-authority-data": {
      "value": "LS0tLS1CRUdJTiBDRVJUSUZJQ0FURS0tLS0tCk1JSUM1ekNDQWMrZ0F3SUJBZ0lCQURBTkJna3Foa2lHOXcwQkFRc0ZBREFWTVJNd0VRWURWUVFERXdwcmRXSmwKY201bGRHVnpNQjRYRFRJeU1ETXlNekE0TWpZd01Gb1hEVE15TURNeU1EQTRNall3TUZvd0ZURVRNQkVHQTFVRQpBeE1LYTNWaVpYSnVaWFJsY3pDQ0FTSXdEUVlKS29aSWh2Y05BUUVCQlFBRGdnRVBBRENDQVFvQ2dnRUJBT29WCnV0WVdYNWthMmw2dFJhWW1zT2lhTGdUMUdjSEpCenIzd2FiUkVCa3Ewc1A5aEk4M2tqbWxVbWdEVTNFTjRSNk4Ka0I1MVNhdVRkSkJ3ZWRCTzNLOTZDUzl1eko0ODlDaTQveUZ4cGJRK3Z1VzJYOHdxM1ZySXVjTVBsYjVpaENndgpneVN1MDBjZ3lyOWM2YjlxMll1b3hFU1RMZmtFcHRjVDRqM2o4eU01bUc4TFB4TjFDN1ZXNWdUSC9vcyt2Wkt1CnJ3NWRibTk1YUlhVkszVkF2VVVFTk52OTBFTldjcWI4cFcyNmNJQkdIckU3emtCczBLK24rRmxha21OeTRVZ00KQUxnc1pnWHFDL3c4eDZ1d21VaUpPbmFtSUllMUpWK2JvTkdheGZZK3lYSVZZL3lYK0dvVkh0LzRNWFFpaUVVNwpWaWZHd2JHamp3Nmh0K2N1dDJVQ0F3RUFBYU5DTUVBd0RnWURWUjBQQVFIL0JBUURBZ0trTUE4R0ExVWRFd0VCCi93UUZNQU1CQWY4d0hRWURWUjBPQkJZRUZDbGlsOVpxWDdJeXFHdDVDeDF1RFZYQjlmck1NQTBHQ1NxR1NJYjMKRFFFQkN3VUFBNElCQVFCQnEvcU5TVTBKUEpEMWRBT2x1VkNEaFoyK3FkbWZZbGVFZ0xrUlNPYnlGcFl1Tmp3SgpsU2pJVnZKL3o2NmxDWkJWaXZKSzI3SllCQUQ1VXF4ekplWWlKRy9xQkNORWVDN2IzTU0wc2hEUFVqTFVOSmk3CjJybkkxSW5RZzRxYTUwMklpQ3luOCtEclIwSWpHZ3NpZGgySDVySWMvRWFuOGZnOHRNT0VKY1Z4ZlhKQWxFRkUKZTZucmY0eTN4eDBtdEpmOGd4RmpiZ080VzQ0R2ZWN2ZwRDJzQWVlWnI5djI2Z2pudUJHWkpxZWpVN3B1SUIyWApMMzQ5Z0RjKzlFQkhwS0xCNHhzem5qZFROTC9nOFNnUHBDZ2hUWThrSWJZZm5lWTRYZURWM3Q3cUhVOFNkSDZZCi8yR29qTno0M0ZialI4clZMb2xFUW5zR3lHR1NnMVJMcmdRdQotLS0tLUVORCBDRVJUSUZJQ0FURS0tLS0tCg==",
      "type": "string"
    }
  },
  "resources": [
    {
      "mode": "data",
      "type": "aws_availability_zones",
      "name": "available",
      "provider": "provider[\"registry.terraform.io/hashicorp/aws\"]",
      "instances": [
        {
          "schema_version": 0,
          "attributes": {
            "all_availability_zones": null,
            "exclude_names": null,
            "exclude_zone_ids": null,
            "filter": null,
            "group_names": [
              "us-east-1"
            ],
            "id": "us-east-1",
            "names": [
              "us-east-1a",
              "us-east-1b",
              "us-east-1c",
              "us-east-1d",
              "us-east-1e",
              "us-east-1f"
            ],
            "state": "available",
            "zone_ids": [
              "use1-az1",
              "use1-az2",
              "use1-az4",
              "use1-az6",
              "use1-az3",
              "use1-az5"
            ]
          },
          "sensitive_attributes": []
        }
      ]
    },
    {
      "mode": "data",
      "type": "tls_certificate",
      "name": "mjs-eks-tls",
      "provider": "provider[\"registry.terraform.io/hashicorp/tls\"]",
      "instances": [
        {
          "schema_version": 0,
          "attributes": {
            "certificates": [
              {
                "is_ca": true,
                "issuer": "OU=Starfield Class 2 Certification Authority,O=Starfield Technologies\\, Inc.,C=US",
                "not_after": "2034-06-28T17:39:16Z",
                "not_before": "2009-09-02T00:00:00Z",
                "public_key_algorithm": "RSA",
                "serial_number": "12037640545166866303",
                "sha1_fingerprint": "9e99a48a9960b14926bb7f3b02e22da2b0ab7280",
                "signature_algorithm": "SHA256-RSA",
                "subject": "CN=Starfield Services Root Certificate Authority - G2,O=Starfield Technologies\\, Inc.,L=Scottsdale,ST=Arizona,C=US",
                "version": 3
              },
              {
                "is_ca": true,
                "issuer": "CN=Starfield Services Root Certificate Authority - G2,O=Starfield Technologies\\, Inc.,L=Scottsdale,ST=Arizona,C=US",
                "not_after": "2037-12-31T01:00:00Z",
                "not_before": "2015-05-25T12:00:00Z",
                "public_key_algorithm": "RSA",
                "serial_number": "144918191876577076464031512351042010504348870",
                "sha1_fingerprint": "06b25927c42a721631c1efd9431e648fa62e1e39",
                "signature_algorithm": "SHA256-RSA",
                "subject": "CN=Amazon Root CA 1,O=Amazon,C=US",
                "version": 3
              },
              {
                "is_ca": true,
                "issuer": "CN=Amazon Root CA 1,O=Amazon,C=US",
                "not_after": "2025-10-19T00:00:00Z",
                "not_before": "2015-10-22T00:00:00Z",
                "public_key_algorithm": "RSA",
                "serial_number": "144918209630989264145272943054026349679957517",
                "sha1_fingerprint": "917e732d330f9a12404f73d8bea36948b929dffc",
                "signature_algorithm": "SHA256-RSA",
                "subject": "CN=Amazon,OU=Server CA 1B,O=Amazon,C=US",
                "version": 3
              },
              {
                "is_ca": false,
                "issuer": "CN=Amazon,OU=Server CA 1B,O=Amazon,C=US",
                "not_after": "2022-07-11T23:59:59Z",
                "not_before": "2021-06-12T00:00:00Z",
                "public_key_algorithm": "RSA",
                "serial_number": "17394337148501369979403692734506650154",
                "sha1_fingerprint": "e895c9a1be77b6c6300dc2525548225a675b1955",
                "signature_algorithm": "SHA256-RSA",
                "subject": "CN=oidc.eks.us-east-1.amazonaws.com",
                "version": 3
              }
            ],
            "id": "2022-03-23 08:32:13.990343 +0000 UTC",
            "url": "https://oidc.eks.us-east-1.amazonaws.com/id/A2C7936C9142D375AC12F3178AB3E708",
            "verify_chain": true
          },
          "sensitive_attributes": []
        }
      ]
    },
    {
      "mode": "managed",
      "type": "aws_cloudwatch_log_group",
      "name": "mjs-cloudwatch",
      "provider": "provider[\"registry.terraform.io/hashicorp/aws\"]",
      "instances": [
        {
          "schema_version": 0,
          "attributes": {
            "arn": "arn:aws:logs:us-east-1:000982191218:log-group:/aws/eks/mjs-terraform-eks/cluster",
            "id": "/aws/eks/mjs-terraform-eks/cluster",
            "kms_key_id": "",
            "name": "/aws/eks/mjs-terraform-eks/cluster",
            "name_prefix": null,
            "retention_in_days": 3,
            "tags": null,
            "tags_all": {}
          },
          "sensitive_attributes": [],
          "private": "bnVsbA=="
        }
      ]
    },
    {
      "mode": "managed",
      "type": "aws_eip",
      "name": "bastion-eip",
      "provider": "provider[\"registry.terraform.io/hashicorp/aws\"]",
      "instances": [
        {
          "schema_version": 0,
          "attributes": {
            "address": null,
            "allocation_id": "eipalloc-0bf584a3871ff1565",
            "associate_with_private_ip": null,
            "association_id": "eipassoc-07723bfda5b9d88bd",
            "carrier_ip": "",
            "customer_owned_ip": "",
            "customer_owned_ipv4_pool": "",
            "domain": "vpc",
            "id": "eipalloc-0bf584a3871ff1565",
            "instance": "i-0e06bfcf637854709",
            "network_border_group": "us-east-1",
            "network_interface": "eni-03df69005f1d6b931",
            "private_dns": "ip-10-0-1-208.ec2.internal",
            "private_ip": "10.0.1.208",
            "public_dns": "ec2-44-199-60-140.compute-1.amazonaws.com",
            "public_ip": "44.199.60.140",
            "public_ipv4_pool": "amazon",
            "tags": null,
            "tags_all": {},
            "timeouts": null,
            "vpc": true
          },
          "sensitive_attributes": [],
          "private": "eyJlMmJmYjczMC1lY2FhLTExZTYtOGY4OC0zNDM2M2JjN2M0YzAiOnsiZGVsZXRlIjoxODAwMDAwMDAwMDAsInJlYWQiOjkwMDAwMDAwMDAwMCwidXBkYXRlIjozMDAwMDAwMDAwMDB9fQ==",
          "dependencies": [
            "aws_instance.mjs-bastion",
            "aws_security_group.bastion_security_group",
            "aws_subnet.k8s_public_subnet_1",
            "aws_vpc.mjs-vpc",
            "data.aws_availability_zones.available"
          ]
        }
      ]
    },
    {
      "mode": "managed",
      "type": "aws_eks_cluster",
      "name": "mjs-terraform-eks",
      "provider": "provider[\"registry.terraform.io/hashicorp/aws\"]",
      "instances": [
        {
          "schema_version": 0,
          "attributes": {
            "arn": "arn:aws:eks:us-east-1:000982191218:cluster/mjs-terraform-eks",
            "certificate_authority": [
              {
                "data": "LS0tLS1CRUdJTiBDRVJUSUZJQ0FURS0tLS0tCk1JSUM1ekNDQWMrZ0F3SUJBZ0lCQURBTkJna3Foa2lHOXcwQkFRc0ZBREFWTVJNd0VRWURWUVFERXdwcmRXSmwKY201bGRHVnpNQjRYRFRJeU1ETXlNekE0TWpZd01Gb1hEVE15TURNeU1EQTRNall3TUZvd0ZURVRNQkVHQTFVRQpBeE1LYTNWaVpYSnVaWFJsY3pDQ0FTSXdEUVlKS29aSWh2Y05BUUVCQlFBRGdnRVBBRENDQVFvQ2dnRUJBT29WCnV0WVdYNWthMmw2dFJhWW1zT2lhTGdUMUdjSEpCenIzd2FiUkVCa3Ewc1A5aEk4M2tqbWxVbWdEVTNFTjRSNk4Ka0I1MVNhdVRkSkJ3ZWRCTzNLOTZDUzl1eko0ODlDaTQveUZ4cGJRK3Z1VzJYOHdxM1ZySXVjTVBsYjVpaENndgpneVN1MDBjZ3lyOWM2YjlxMll1b3hFU1RMZmtFcHRjVDRqM2o4eU01bUc4TFB4TjFDN1ZXNWdUSC9vcyt2Wkt1CnJ3NWRibTk1YUlhVkszVkF2VVVFTk52OTBFTldjcWI4cFcyNmNJQkdIckU3emtCczBLK24rRmxha21OeTRVZ00KQUxnc1pnWHFDL3c4eDZ1d21VaUpPbmFtSUllMUpWK2JvTkdheGZZK3lYSVZZL3lYK0dvVkh0LzRNWFFpaUVVNwpWaWZHd2JHamp3Nmh0K2N1dDJVQ0F3RUFBYU5DTUVBd0RnWURWUjBQQVFIL0JBUURBZ0trTUE4R0ExVWRFd0VCCi93UUZNQU1CQWY4d0hRWURWUjBPQkJZRUZDbGlsOVpxWDdJeXFHdDVDeDF1RFZYQjlmck1NQTBHQ1NxR1NJYjMKRFFFQkN3VUFBNElCQVFCQnEvcU5TVTBKUEpEMWRBT2x1VkNEaFoyK3FkbWZZbGVFZ0xrUlNPYnlGcFl1Tmp3SgpsU2pJVnZKL3o2NmxDWkJWaXZKSzI3SllCQUQ1VXF4ekplWWlKRy9xQkNORWVDN2IzTU0wc2hEUFVqTFVOSmk3CjJybkkxSW5RZzRxYTUwMklpQ3luOCtEclIwSWpHZ3NpZGgySDVySWMvRWFuOGZnOHRNT0VKY1Z4ZlhKQWxFRkUKZTZucmY0eTN4eDBtdEpmOGd4RmpiZ080VzQ0R2ZWN2ZwRDJzQWVlWnI5djI2Z2pudUJHWkpxZWpVN3B1SUIyWApMMzQ5Z0RjKzlFQkhwS0xCNHhzem5qZFROTC9nOFNnUHBDZ2hUWThrSWJZZm5lWTRYZURWM3Q3cUhVOFNkSDZZCi8yR29qTno0M0ZialI4clZMb2xFUW5zR3lHR1NnMVJMcmdRdQotLS0tLUVORCBDRVJUSUZJQ0FURS0tLS0tCg=="
              }
            ],
            "created_at": "2022-03-23 08:19:22.78 +0000 UTC",
            "enabled_cluster_log_types": [
              "api",
              "audit",
              "authenticator",
              "controllerManager",
              "scheduler"
            ],
            "encryption_config": [],
            "endpoint": "https://A2C7936C9142D375AC12F3178AB3E708.gr7.us-east-1.eks.amazonaws.com",
            "id": "mjs-terraform-eks",
            "identity": [
              {
                "oidc": [
                  {
                    "issuer": "https://oidc.eks.us-east-1.amazonaws.com/id/A2C7936C9142D375AC12F3178AB3E708"
                  }
                ]
              }
            ],
            "kubernetes_network_config": [
              {
                "ip_family": "ipv4",
                "service_ipv4_cidr": "172.20.0.0/16"
              }
            ],
            "name": "mjs-terraform-eks",
            "platform_version": "eks.5",
            "role_arn": "arn:aws:iam::000982191218:role/mjs-eks",
            "status": "ACTIVE",
            "tags": null,
            "tags_all": {},
            "timeouts": {
              "create": "1h",
              "delete": "30m",
              "update": "1h"
            },
            "version": "1.21",
            "vpc_config": [
              {
                "cluster_security_group_id": "sg-034b3566a223263c7",
                "endpoint_private_access": true,
                "endpoint_public_access": true,
                "public_access_cidrs": [
                  "0.0.0.0/0"
                ],
                "security_group_ids": [
                  "sg-0a413c4383c5668d9"
                ],
                "subnet_ids": [
                  "subnet-001c869d2c4af8811",
                  "subnet-042d58dffabccad9b"
                ],
                "vpc_id": "vpc-096f191390297795a"
              }
            ]
          },
          "sensitive_attributes": [],
          "private": "eyJlMmJmYjczMC1lY2FhLTExZTYtOGY4OC0zNDM2M2JjN2M0YzAiOnsiY3JlYXRlIjozNjAwMDAwMDAwMDAwLCJkZWxldGUiOjE4MDAwMDAwMDAwMDAsInVwZGF0ZSI6MzYwMDAwMDAwMDAwMH19",
          "dependencies": [
            "aws_cloudwatch_log_group.mjs-cloudwatch",
            "aws_iam_role.mjs-eks-iam",
            "aws_iam_role_policy_attachment.mjs-AmazonEKSClusterPolicy",
            "aws_iam_role_policy_attachment.mjs-AmazonEKSVPCResourceController",
            "aws_security_group.mjs-securitygroup",
            "aws_subnet.k8s_private_subnet_1",
            "aws_subnet.k8s_private_subnet_2",
            "aws_vpc.mjs-vpc",
            "data.aws_availability_zones.available"
          ]
        }
      ]
    },
    {
      "mode": "managed",
      "type": "aws_eks_node_group",
      "name": "mjs-eks-node-group",
      "provider": "provider[\"registry.terraform.io/hashicorp/aws\"]",
      "instances": [
        {
          "status": "tainted",
          "schema_version": 0,
          "attributes": {
            "ami_type": null,
            "arn": null,
            "capacity_type": null,
            "cluster_name": "mjs-terraform-eks",
            "disk_size": null,
            "force_update_version": null,
            "id": "mjs-terraform-eks:mjs-eks-node-group",
            "instance_types": null,
            "labels": null,
            "launch_template": [],
            "node_group_name": "mjs-eks-node-group",
            "node_group_name_prefix": null,
            "node_role_arn": "arn:aws:iam::000982191218:role/eks-terraform-node-role",
            "release_version": null,
            "remote_access": [],
            "resources": null,
            "scaling_config": [
              {
                "desired_size": 3,
                "max_size": 3,
                "min_size": 3
              }
            ],
            "status": null,
            "subnet_ids": [
              "subnet-001c869d2c4af8811",
              "subnet-042d58dffabccad9b"
            ],
            "tags": {
              "kubernetes.io/cluster/mjs-terraform-eks": "owned"
            },
            "tags_all": {
              "kubernetes.io/cluster/mjs-terraform-eks": "owned"
            },
            "taint": [],
            "timeouts": null,
            "update_config": [
              {
                "max_unavailable": 2,
                "max_unavailable_percentage": 0
              }
            ],
            "version": null
          },
          "sensitive_attributes": [],
          "private": "eyJlMmJmYjczMC1lY2FhLTExZTYtOGY4OC0zNDM2M2JjN2M0YzAiOnsiY3JlYXRlIjozNjAwMDAwMDAwMDAwLCJkZWxldGUiOjM2MDAwMDAwMDAwMDAsInVwZGF0ZSI6MzYwMDAwMDAwMDAwMH19",
          "dependencies": [
            "aws_cloudwatch_log_group.mjs-cloudwatch",
            "aws_eks_cluster.mjs-terraform-eks",
            "aws_iam_role.eks-terraform-node-role",
            "aws_iam_role.mjs-eks-iam",
            "aws_iam_role_policy_attachment.mjs-AmazonEKSClusterPolicy",
            "aws_iam_role_policy_attachment.mjs-AmazonEKSVPCResourceController",
            "aws_iam_role_policy_attachment.mjs-node-AmazonEC2ContainerRegistryReadOnly",
            "aws_iam_role_policy_attachment.mjs-node-AmazonEKSWorkerNodePolicy",
            "aws_iam_role_policy_attachment.mjs-node-AmazonEKS_CNI_Policy",
            "aws_security_group.mjs-securitygroup",
            "aws_subnet.k8s_private_subnet_1",
            "aws_subnet.k8s_private_subnet_2",
            "aws_vpc.mjs-vpc",
            "data.aws_availability_zones.available"
          ]
        }
      ]
    },
    {
      "mode": "managed",
      "type": "aws_iam_openid_connect_provider",
      "name": "mjs-eks-provider",
      "provider": "provider[\"registry.terraform.io/hashicorp/aws\"]",
      "instances": [
        {
          "schema_version": 0,
          "attributes": {
            "arn": "arn:aws:iam::000982191218:oidc-provider/oidc.eks.us-east-1.amazonaws.com/id/A2C7936C9142D375AC12F3178AB3E708",
            "client_id_list": [
              "sts.amazonaws.com"
            ],
            "id": "arn:aws:iam::000982191218:oidc-provider/oidc.eks.us-east-1.amazonaws.com/id/A2C7936C9142D375AC12F3178AB3E708",
            "tags": null,
            "tags_all": {},
            "thumbprint_list": [
              "9e99a48a9960b14926bb7f3b02e22da2b0ab7280"
            ],
            "url": "oidc.eks.us-east-1.amazonaws.com/id/A2C7936C9142D375AC12F3178AB3E708"
          },
          "sensitive_attributes": [],
          "private": "bnVsbA==",
          "dependencies": [
            "aws_cloudwatch_log_group.mjs-cloudwatch",
            "aws_eks_cluster.mjs-terraform-eks",
            "aws_iam_role.mjs-eks-iam",
            "aws_iam_role_policy_attachment.mjs-AmazonEKSClusterPolicy",
            "aws_iam_role_policy_attachment.mjs-AmazonEKSVPCResourceController",
            "aws_security_group.mjs-securitygroup",
            "aws_subnet.k8s_private_subnet_1",
            "aws_subnet.k8s_private_subnet_2",
            "aws_vpc.mjs-vpc",
            "data.aws_availability_zones.available",
            "data.tls_certificate.mjs-eks-tls"
          ]
        }
      ]
    },
    {
      "mode": "managed",
      "type": "aws_iam_role",
      "name": "eks-terraform-node-role",
      "provider": "provider[\"registry.terraform.io/hashicorp/aws\"]",
      "instances": [
        {
          "schema_version": 0,
          "attributes": {
            "arn": "arn:aws:iam::000982191218:role/eks-terraform-node-role",
            "assume_role_policy": "{\"Version\":\"2012-10-17\",\"Statement\":[{\"Effect\":\"Allow\",\"Principal\":{\"Service\":\"ec2.amazonaws.com\"},\"Action\":\"sts:AssumeRole\"}]}",
            "create_date": "2022-03-23T08:18:42Z",
            "description": "",
            "force_detach_policies": false,
            "id": "eks-terraform-node-role",
            "inline_policy": [
              {
                "name": "",
                "policy": ""
              }
            ],
            "managed_policy_arns": [],
            "max_session_duration": 3600,
            "name": "eks-terraform-node-role",
            "name_prefix": "",
            "path": "/",
            "permissions_boundary": null,
            "tags": null,
            "tags_all": {},
            "unique_id": "AROAQAOULBRZPZKOYHXVF"
          },
          "sensitive_attributes": [],
          "private": "bnVsbA=="
        }
      ]
    },
    {
      "mode": "managed",
      "type": "aws_iam_role",
      "name": "mjs-eks-iam",
      "provider": "provider[\"registry.terraform.io/hashicorp/aws\"]",
      "instances": [
        {
          "schema_version": 0,
          "attributes": {
            "arn": "arn:aws:iam::000982191218:role/mjs-eks",
            "assume_role_policy": "{\"Version\":\"2012-10-17\",\"Statement\":[{\"Effect\":\"Allow\",\"Principal\":{\"Service\":\"eks.amazonaws.com\"},\"Action\":\"sts:AssumeRole\"}]}",
            "create_date": "2022-03-23T08:18:42Z",
            "description": "",
            "force_detach_policies": false,
            "id": "mjs-eks",
            "inline_policy": [
              {
                "name": "",
                "policy": ""
              }
            ],
            "managed_policy_arns": [],
            "max_session_duration": 3600,
            "name": "mjs-eks",
            "name_prefix": "",
            "path": "/",
            "permissions_boundary": null,
            "tags": null,
            "tags_all": {},
            "unique_id": "AROAQAOULBRZO44S4PZLN"
          },
          "sensitive_attributes": [],
          "private": "bnVsbA=="
        }
      ]
    },
    {
      "mode": "managed",
      "type": "aws_iam_role_policy_attachment",
      "name": "mjs-AmazonEKSClusterPolicy",
      "provider": "provider[\"registry.terraform.io/hashicorp/aws\"]",
      "instances": [
        {
          "schema_version": 0,
          "attributes": {
            "id": "mjs-eks-20220323081847367900000002",
            "policy_arn": "arn:aws:iam::aws:policy/AmazonEKSClusterPolicy",
            "role": "mjs-eks"
          },
          "sensitive_attributes": [],
          "private": "bnVsbA==",
          "dependencies": [
            "aws_iam_role.mjs-eks-iam"
          ]
        }
      ]
    },
    {
      "mode": "managed",
      "type": "aws_iam_role_policy_attachment",
      "name": "mjs-AmazonEKSVPCResourceController",
      "provider": "provider[\"registry.terraform.io/hashicorp/aws\"]",
      "instances": [
        {
          "schema_version": 0,
          "attributes": {
            "id": "mjs-eks-20220323081847370100000003",
            "policy_arn": "arn:aws:iam::aws:policy/AmazonEKSVPCResourceController",
            "role": "mjs-eks"
          },
          "sensitive_attributes": [],
          "private": "bnVsbA==",
          "dependencies": [
            "aws_iam_role.mjs-eks-iam"
          ]
        }
      ]
    },
    {
      "mode": "managed",
      "type": "aws_iam_role_policy_attachment",
      "name": "mjs-node-AmazonEC2ContainerRegistryReadOnly",
      "provider": "provider[\"registry.terraform.io/hashicorp/aws\"]",
      "instances": [
        {
          "schema_version": 0,
          "attributes": {
            "id": "eks-terraform-node-role-20220323081847547800000005",
            "policy_arn": "arn:aws:iam::aws:policy/AmazonEC2ContainerRegistryReadOnly",
            "role": "eks-terraform-node-role"
          },
          "sensitive_attributes": [],
          "private": "bnVsbA==",
          "dependencies": [
            "aws_iam_role.eks-terraform-node-role"
          ]
        }
      ]
    },
    {
      "mode": "managed",
      "type": "aws_iam_role_policy_attachment",
      "name": "mjs-node-AmazonEKSWorkerNodePolicy",
      "provider": "provider[\"registry.terraform.io/hashicorp/aws\"]",
      "instances": [
        {
          "schema_version": 0,
          "attributes": {
            "id": "eks-terraform-node-role-20220323081847373900000004",
            "policy_arn": "arn:aws:iam::aws:policy/AmazonEKSWorkerNodePolicy",
            "role": "eks-terraform-node-role"
          },
          "sensitive_attributes": [],
          "private": "bnVsbA==",
          "dependencies": [
            "aws_iam_role.eks-terraform-node-role"
          ]
        }
      ]
    },
    {
      "mode": "managed",
      "type": "aws_iam_role_policy_attachment",
      "name": "mjs-node-AmazonEKS_CNI_Policy",
      "provider": "provider[\"registry.terraform.io/hashicorp/aws\"]",
      "instances": [
        {
          "schema_version": 0,
          "attributes": {
            "id": "eks-terraform-node-role-20220323081847339300000001",
            "policy_arn": "arn:aws:iam::aws:policy/AmazonEKS_CNI_Policy",
            "role": "eks-terraform-node-role"
          },
          "sensitive_attributes": [],
          "private": "bnVsbA==",
          "dependencies": [
            "aws_iam_role.eks-terraform-node-role"
          ]
        }
      ]
    },
    {
      "mode": "managed",
      "type": "aws_instance",
      "name": "mjs-bastion",
      "provider": "provider[\"registry.terraform.io/hashicorp/aws\"]",
      "instances": [
        {
          "schema_version": 1,
          "attributes": {
            "ami": "ami-04505e74c0741db8d",
            "arn": "arn:aws:ec2:us-east-1:000982191218:instance/i-0e06bfcf637854709",
            "associate_public_ip_address": true,
            "availability_zone": "us-east-1a",
            "capacity_reservation_specification": [
              {
                "capacity_reservation_preference": "open",
                "capacity_reservation_target": []
              }
            ],
            "cpu_core_count": 1,
            "cpu_threads_per_core": 1,
            "credit_specification": [
              {
                "cpu_credits": "standard"
              }
            ],
            "disable_api_termination": false,
            "ebs_block_device": [],
            "ebs_optimized": false,
            "enclave_options": [
              {
                "enabled": false
              }
            ],
            "ephemeral_block_device": [],
            "get_password_data": false,
            "hibernation": false,
            "host_id": null,
            "iam_instance_profile": "",
            "id": "i-0e06bfcf637854709",
            "instance_initiated_shutdown_behavior": "stop",
            "instance_state": "running",
            "instance_type": "t2.micro",
            "ipv6_address_count": 0,
            "ipv6_addresses": [],
            "key_name": "terraform-test-key",
            "launch_template": [],
            "metadata_options": [
              {
                "http_endpoint": "enabled",
                "http_put_response_hop_limit": 1,
                "http_tokens": "optional",
                "instance_metadata_tags": "disabled"
              }
            ],
            "monitoring": false,
            "network_interface": [],
            "outpost_arn": "",
            "password_data": "",
            "placement_group": "",
            "placement_partition_number": null,
            "primary_network_interface_id": "eni-03df69005f1d6b931",
            "private_dns": "ip-10-0-1-208.ec2.internal",
            "private_ip": "10.0.1.208",
            "public_dns": "ec2-23-20-30-69.compute-1.amazonaws.com",
            "public_ip": "23.20.30.69",
            "root_block_device": [
              {
                "delete_on_termination": true,
                "device_name": "/dev/sda1",
                "encrypted": false,
                "iops": 100,
                "kms_key_id": "",
                "tags": {},
                "throughput": 0,
                "volume_id": "vol-0215d90557b55fb02",
                "volume_size": 8,
                "volume_type": "gp2"
              }
            ],
            "secondary_private_ips": [],
            "security_groups": [],
            "source_dest_check": true,
            "subnet_id": "subnet-07e3e148b334e7f00",
            "tags": {
              "Name": "mjs-bastion-bastion"
            },
            "tags_all": {
              "Name": "mjs-bastion-bastion"
            },
            "tenancy": "default",
            "timeouts": null,
            "user_data": null,
            "user_data_base64": null,
            "volume_tags": null,
            "vpc_security_group_ids": [
              "sg-0a1523812bcb353d1"
            ]
          },
          "sensitive_attributes": [],
          "private": "eyJlMmJmYjczMC1lY2FhLTExZTYtOGY4OC0zNDM2M2JjN2M0YzAiOnsiY3JlYXRlIjo2MDAwMDAwMDAwMDAsImRlbGV0ZSI6MTIwMDAwMDAwMDAwMCwidXBkYXRlIjo2MDAwMDAwMDAwMDB9LCJzY2hlbWFfdmVyc2lvbiI6IjEifQ==",
          "dependencies": [
            "aws_security_group.bastion_security_group",
            "aws_subnet.k8s_public_subnet_1",
            "aws_vpc.mjs-vpc",
            "data.aws_availability_zones.available"
          ]
        }
      ]
    },
    {
      "mode": "managed",
      "type": "aws_internet_gateway",
      "name": "mjs-igw",
      "provider": "provider[\"registry.terraform.io/hashicorp/aws\"]",
      "instances": [
        {
          "schema_version": 0,
          "attributes": {
            "arn": "arn:aws:ec2:us-east-1:000982191218:internet-gateway/igw-08b782b4fc3526d1e",
            "id": "igw-08b782b4fc3526d1e",
            "owner_id": "000982191218",
            "tags": {
              "Name": "mjs_igw",
              "Owner": "mjs",
              "Service": "k8s_mjs"
            },
            "tags_all": {
              "Name": "mjs_igw",
              "Owner": "mjs",
              "Service": "k8s_mjs"
            },
            "vpc_id": "vpc-096f191390297795a"
          },
          "sensitive_attributes": [],
          "private": "bnVsbA==",
          "dependencies": [
            "aws_vpc.mjs-vpc"
          ]
        }
      ]
    },
    {
      "mode": "managed",
      "type": "aws_key_pair",
      "name": "aws_key",
      "provider": "provider[\"registry.terraform.io/hashicorp/aws\"]",
      "instances": [
        {
          "schema_version": 1,
          "attributes": {
            "arn": "arn:aws:ec2:us-east-1:000982191218:key-pair/terraform-test-key",
            "fingerprint": "ae:b6:4c:60:79:8c:84:6b:4f:e9:20:c3:b2:12:ed:b0",
            "id": "terraform-test-key",
            "key_name": "terraform-test-key",
            "key_name_prefix": "",
            "key_pair_id": "key-04b01a30fecf8bef6",
            "public_key": "ssh-rsa AAAAB3NzaC1yc2EAAAADAQABAAACAQDKsg8bwDvQ9o8gkEN9kpr5EA/C8RPrdCsfq6n6rcRl7Zg/Pnh4jHtCNKf/jZPJVjkiYwfzKp8Sn/7GtNIarvV2nfdrCyLn/l3OGwh5nlfEKEbXZVcDUnFWsKjlmwaehuP3OdA5t6m8848qP7kLcQBHguzQjrrfRhlOY3ux1eYtNnkLyNx4hnO0puAZ7pq9iZHHul6IewJCbywEJwzwHt2Q6UIIuMAAn8jLnl9LL9AVVGALxu/hM/Y9mhyFzfGbC1w75egzFrpzxVd/KvCuoBoCw7M3HP2dnvyB56jrb64a5BOJLJvC1N6p+fQUx+ywKozfUiWIw96vqci33o9N5ZEkQNlwySCb/qfsoTROGtquZE7V8SB1Nm5x76GDKrbEAAGSTA8hdCvIsumfpUpRUCkAuJlg0m/TGBKvgEX1c6zIwphfAyd5aUza/RJ6DAhuQ/qoeHsLWp7dhg7RaYLO35HxwWyExnyK9/ErINH0msgPrudVsXTur6M8ttqDncpalyvg/tsgHa/5cRna6VtNEdmiELEfx3NNWdJw+z3Ln7gAAocfAyHNZuEHSa64n6CEXV+5J4hIWg/YvysDH5RmhJqQ4QtJLO30W9ZMs+5FPztdq17zT77vG7U61xYyjGdzpKYOFrx9AGTlJZ9pvuA8IjQRoP3uveubim0z+bR/WijLkQ== kb01-mjs1212@KB01-MJS1212.local",
            "tags": null,
            "tags_all": {}
          },
          "sensitive_attributes": [],
          "private": "eyJzY2hlbWFfdmVyc2lvbiI6IjEifQ=="
        }
      ]
    },
    {
      "mode": "managed",
      "type": "aws_nat_gateway",
      "name": "mjs-nat",
      "provider": "provider[\"registry.terraform.io/hashicorp/aws\"]",
      "instances": [
        {
          "schema_version": 0,
          "attributes": {
            "allocation_id": "",
            "connectivity_type": "private",
            "id": "nat-02b932af51a940869",
            "network_interface_id": "eni-0de0a674be437f817",
            "private_ip": "10.0.100.179",
            "public_ip": "",
            "subnet_id": "subnet-042d58dffabccad9b",
            "tags": null,
            "tags_all": {}
          },
          "sensitive_attributes": [],
          "private": "bnVsbA==",
          "dependencies": [
            "aws_subnet.k8s_private_subnet_1",
            "aws_vpc.mjs-vpc",
            "data.aws_availability_zones.available"
          ]
        }
      ]
    },
    {
      "mode": "managed",
      "type": "aws_route_table",
      "name": "mjs-pri-rt",
      "provider": "provider[\"registry.terraform.io/hashicorp/aws\"]",
      "instances": [
        {
          "schema_version": 0,
          "attributes": {
            "arn": "arn:aws:ec2:us-east-1:000982191218:route-table/rtb-06e4cb88620310872",
            "id": "rtb-06e4cb88620310872",
            "owner_id": "000982191218",
            "propagating_vgws": [],
            "route": [],
            "tags": {
              "Name": "mjs_pri_rt",
              "Owner": "mjs",
              "Service": "k8s_mjs"
            },
            "tags_all": {
              "Name": "mjs_pri_rt",
              "Owner": "mjs",
              "Service": "k8s_mjs"
            },
            "timeouts": null,
            "vpc_id": "vpc-096f191390297795a"
          },
          "sensitive_attributes": [],
          "private": "eyJlMmJmYjczMC1lY2FhLTExZTYtOGY4OC0zNDM2M2JjN2M0YzAiOnsiY3JlYXRlIjozMDAwMDAwMDAwMDAsImRlbGV0ZSI6MzAwMDAwMDAwMDAwLCJ1cGRhdGUiOjEyMDAwMDAwMDAwMH19",
          "dependencies": [
            "aws_vpc.mjs-vpc"
          ]
        }
      ]
    },
    {
      "mode": "managed",
      "type": "aws_route_table",
      "name": "mjs-public-rt",
      "provider": "provider[\"registry.terraform.io/hashicorp/aws\"]",
      "instances": [
        {
          "schema_version": 0,
          "attributes": {
            "arn": "arn:aws:ec2:us-east-1:000982191218:route-table/rtb-0a7ec9ae37e061aa2",
            "id": "rtb-0a7ec9ae37e061aa2",
            "owner_id": "000982191218",
            "propagating_vgws": [],
            "route": [
              {
                "carrier_gateway_id": "",
                "cidr_block": "0.0.0.0/0",
                "destination_prefix_list_id": "",
                "egress_only_gateway_id": "",
                "gateway_id": "igw-08b782b4fc3526d1e",
                "instance_id": "",
                "ipv6_cidr_block": "",
                "local_gateway_id": "",
                "nat_gateway_id": "",
                "network_interface_id": "",
                "transit_gateway_id": "",
                "vpc_endpoint_id": "",
                "vpc_peering_connection_id": ""
              }
            ],
            "tags": {
              "Name": "mjs_public_rt",
              "Owner": "mjs",
              "Service": "k8s_mjs"
            },
            "tags_all": {
              "Name": "mjs_public_rt",
              "Owner": "mjs",
              "Service": "k8s_mjs"
            },
            "timeouts": null,
            "vpc_id": "vpc-096f191390297795a"
          },
          "sensitive_attributes": [],
          "private": "eyJlMmJmYjczMC1lY2FhLTExZTYtOGY4OC0zNDM2M2JjN2M0YzAiOnsiY3JlYXRlIjozMDAwMDAwMDAwMDAsImRlbGV0ZSI6MzAwMDAwMDAwMDAwLCJ1cGRhdGUiOjEyMDAwMDAwMDAwMH19",
          "dependencies": [
            "aws_internet_gateway.mjs-igw",
            "aws_vpc.mjs-vpc"
          ]
        }
      ]
    },
    {
      "mode": "managed",
      "type": "aws_route_table_association",
      "name": "k8s_private_association_1",
      "provider": "provider[\"registry.terraform.io/hashicorp/aws\"]",
      "instances": [
        {
          "schema_version": 0,
          "attributes": {
            "gateway_id": "",
            "id": "rtbassoc-0dec75044269ea809",
            "route_table_id": "rtb-06e4cb88620310872",
            "subnet_id": "subnet-042d58dffabccad9b"
          },
          "sensitive_attributes": [],
          "private": "bnVsbA==",
          "dependencies": [
            "aws_route_table.mjs-pri-rt",
            "aws_subnet.k8s_private_subnet_1",
            "aws_vpc.mjs-vpc",
            "data.aws_availability_zones.available"
          ]
        }
      ]
    },
    {
      "mode": "managed",
      "type": "aws_route_table_association",
      "name": "k8s_private_association_2",
      "provider": "provider[\"registry.terraform.io/hashicorp/aws\"]",
      "instances": [
        {
          "schema_version": 0,
          "attributes": {
            "gateway_id": "",
            "id": "rtbassoc-04f30f632367d4817",
            "route_table_id": "rtb-06e4cb88620310872",
            "subnet_id": "subnet-001c869d2c4af8811"
          },
          "sensitive_attributes": [],
          "private": "bnVsbA==",
          "dependencies": [
            "aws_route_table.mjs-pri-rt",
            "aws_subnet.k8s_private_subnet_2",
            "aws_vpc.mjs-vpc",
            "data.aws_availability_zones.available"
          ]
        }
      ]
    },
    {
      "mode": "managed",
      "type": "aws_route_table_association",
      "name": "k8s_public_association_1",
      "provider": "provider[\"registry.terraform.io/hashicorp/aws\"]",
      "instances": [
        {
          "schema_version": 0,
          "attributes": {
            "gateway_id": "",
            "id": "rtbassoc-034ab213cd3b9fcc3",
            "route_table_id": "rtb-0a7ec9ae37e061aa2",
            "subnet_id": "subnet-07e3e148b334e7f00"
          },
          "sensitive_attributes": [],
          "private": "bnVsbA==",
          "dependencies": [
            "aws_internet_gateway.mjs-igw",
            "aws_route_table.mjs-public-rt",
            "aws_subnet.k8s_public_subnet_1",
            "aws_vpc.mjs-vpc",
            "data.aws_availability_zones.available"
          ]
        }
      ]
    },
    {
      "mode": "managed",
      "type": "aws_route_table_association",
      "name": "k8s_public_association_2",
      "provider": "provider[\"registry.terraform.io/hashicorp/aws\"]",
      "instances": [
        {
          "schema_version": 0,
          "attributes": {
            "gateway_id": "",
            "id": "rtbassoc-0a9947fd1c8b69de0",
            "route_table_id": "rtb-0a7ec9ae37e061aa2",
            "subnet_id": "subnet-00b73a9b9c2dd27cf"
          },
          "sensitive_attributes": [],
          "private": "bnVsbA==",
          "dependencies": [
            "aws_internet_gateway.mjs-igw",
            "aws_route_table.mjs-public-rt",
            "aws_subnet.k8s_public_subnet_2",
            "aws_vpc.mjs-vpc",
            "data.aws_availability_zones.available"
          ]
        }
      ]
    },
    {
      "mode": "managed",
      "type": "aws_security_group",
      "name": "bastion_security_group",
      "provider": "provider[\"registry.terraform.io/hashicorp/aws\"]",
      "instances": [
        {
          "schema_version": 1,
          "attributes": {
            "arn": "arn:aws:ec2:us-east-1:000982191218:security-group/sg-0a1523812bcb353d1",
            "description": "Security Group for mjs-bastion Bastion Host",
            "egress": [
              {
                "cidr_blocks": [
                  "0.0.0.0/0"
                ],
                "description": "",
                "from_port": 0,
                "ipv6_cidr_blocks": [],
                "prefix_list_ids": [],
                "protocol": "-1",
                "security_groups": [],
                "self": false,
                "to_port": 0
              }
            ],
            "id": "sg-0a1523812bcb353d1",
            "ingress": [
              {
                "cidr_blocks": [
                  "0.0.0.0/0"
                ],
                "description": "",
                "from_port": 22,
                "ipv6_cidr_blocks": [],
                "prefix_list_ids": [],
                "protocol": "tcp",
                "security_groups": [],
                "self": false,
                "to_port": 22
              }
            ],
            "name": "mjs-bastion-bastion-sg",
            "name_prefix": "",
            "owner_id": "000982191218",
            "revoke_rules_on_delete": false,
            "tags": null,
            "tags_all": {},
            "timeouts": null,
            "vpc_id": "vpc-096f191390297795a"
          },
          "sensitive_attributes": [],
          "private": "eyJlMmJmYjczMC1lY2FhLTExZTYtOGY4OC0zNDM2M2JjN2M0YzAiOnsiY3JlYXRlIjo2MDAwMDAwMDAwMDAsImRlbGV0ZSI6OTAwMDAwMDAwMDAwfSwic2NoZW1hX3ZlcnNpb24iOiIxIn0=",
          "dependencies": [
            "aws_vpc.mjs-vpc"
          ]
        }
      ]
    },
    {
      "mode": "managed",
      "type": "aws_security_group",
      "name": "mjs-securitygroup",
      "provider": "provider[\"registry.terraform.io/hashicorp/aws\"]",
      "instances": [
        {
          "schema_version": 1,
          "attributes": {
            "arn": "arn:aws:ec2:us-east-1:000982191218:security-group/sg-0a413c4383c5668d9",
            "description": "Test_mjs",
            "egress": [
              {
                "cidr_blocks": [
                  "0.0.0.0/0"
                ],
                "description": "",
                "from_port": 0,
                "ipv6_cidr_blocks": [],
                "prefix_list_ids": [],
                "protocol": "-1",
                "security_groups": [],
                "self": false,
                "to_port": 0
              }
            ],
            "id": "sg-0a413c4383c5668d9",
            "ingress": [
              {
                "cidr_blocks": [
                  "0.0.0.0/0"
                ],
                "description": "all Access",
                "from_port": 0,
                "ipv6_cidr_blocks": [],
                "prefix_list_ids": [],
                "protocol": "-1",
                "security_groups": [],
                "self": false,
                "to_port": 0
              }
            ],
            "name": "mjs-securitygroup",
            "name_prefix": "",
            "owner_id": "000982191218",
            "revoke_rules_on_delete": false,
            "tags": {
              "Name": "allow_Access"
            },
            "tags_all": {
              "Name": "allow_Access"
            },
            "timeouts": null,
            "vpc_id": "vpc-096f191390297795a"
          },
          "sensitive_attributes": [],
          "private": "eyJlMmJmYjczMC1lY2FhLTExZTYtOGY4OC0zNDM2M2JjN2M0YzAiOnsiY3JlYXRlIjo2MDAwMDAwMDAwMDAsImRlbGV0ZSI6OTAwMDAwMDAwMDAwfSwic2NoZW1hX3ZlcnNpb24iOiIxIn0=",
          "dependencies": [
            "aws_vpc.mjs-vpc"
          ]
        }
      ]
    },
    {
      "mode": "managed",
      "type": "aws_subnet",
      "name": "k8s_private_subnet_1",
      "provider": "provider[\"registry.terraform.io/hashicorp/aws\"]",
      "instances": [
        {
          "schema_version": 1,
          "attributes": {
            "arn": "arn:aws:ec2:us-east-1:000982191218:subnet/subnet-042d58dffabccad9b",
            "assign_ipv6_address_on_creation": false,
            "availability_zone": "us-east-1a",
            "availability_zone_id": "use1-az1",
            "cidr_block": "10.0.100.0/24",
            "customer_owned_ipv4_pool": "",
            "enable_dns64": false,
            "enable_resource_name_dns_a_record_on_launch": false,
            "enable_resource_name_dns_aaaa_record_on_launch": false,
            "id": "subnet-042d58dffabccad9b",
            "ipv6_cidr_block": "",
            "ipv6_cidr_block_association_id": "",
            "ipv6_native": false,
            "map_customer_owned_ip_on_launch": false,
            "map_public_ip_on_launch": false,
            "outpost_arn": "",
            "owner_id": "000982191218",
            "private_dns_hostname_type_on_launch": "ip-name",
            "tags": {
              "Name": "tas-private-subnet-1",
              "Owner": "mjs",
              "Service": "k8s_example",
              "kubernetes.io/cluster/mjs-terraform-eks": "shared"
            },
            "tags_all": {
              "Name": "tas-private-subnet-1",
              "Owner": "mjs",
              "Service": "k8s_example",
              "kubernetes.io/cluster/mjs-terraform-eks": "shared"
            },
            "timeouts": null,
            "vpc_id": "vpc-096f191390297795a"
          },
          "sensitive_attributes": [],
          "private": "eyJlMmJmYjczMC1lY2FhLTExZTYtOGY4OC0zNDM2M2JjN2M0YzAiOnsiY3JlYXRlIjo2MDAwMDAwMDAwMDAsImRlbGV0ZSI6MTIwMDAwMDAwMDAwMH0sInNjaGVtYV92ZXJzaW9uIjoiMSJ9",
          "dependencies": [
            "aws_vpc.mjs-vpc",
            "data.aws_availability_zones.available"
          ]
        }
      ]
    },
    {
      "mode": "managed",
      "type": "aws_subnet",
      "name": "k8s_private_subnet_2",
      "provider": "provider[\"registry.terraform.io/hashicorp/aws\"]",
      "instances": [
        {
          "schema_version": 1,
          "attributes": {
            "arn": "arn:aws:ec2:us-east-1:000982191218:subnet/subnet-001c869d2c4af8811",
            "assign_ipv6_address_on_creation": false,
            "availability_zone": "us-east-1b",
            "availability_zone_id": "use1-az2",
            "cidr_block": "10.0.200.0/24",
            "customer_owned_ipv4_pool": "",
            "enable_dns64": false,
            "enable_resource_name_dns_a_record_on_launch": false,
            "enable_resource_name_dns_aaaa_record_on_launch": false,
            "id": "subnet-001c869d2c4af8811",
            "ipv6_cidr_block": "",
            "ipv6_cidr_block_association_id": "",
            "ipv6_native": false,
            "map_customer_owned_ip_on_launch": false,
            "map_public_ip_on_launch": false,
            "outpost_arn": "",
            "owner_id": "000982191218",
            "private_dns_hostname_type_on_launch": "ip-name",
            "tags": {
              "Name": "tas-private-subnet-2",
              "Owner": "mjs",
              "Service": "k8s_example",
              "kubernetes.io/cluster/mjs-terraform-eks": "shared"
            },
            "tags_all": {
              "Name": "tas-private-subnet-2",
              "Owner": "mjs",
              "Service": "k8s_example",
              "kubernetes.io/cluster/mjs-terraform-eks": "shared"
            },
            "timeouts": null,
            "vpc_id": "vpc-096f191390297795a"
          },
          "sensitive_attributes": [],
          "private": "eyJlMmJmYjczMC1lY2FhLTExZTYtOGY4OC0zNDM2M2JjN2M0YzAiOnsiY3JlYXRlIjo2MDAwMDAwMDAwMDAsImRlbGV0ZSI6MTIwMDAwMDAwMDAwMH0sInNjaGVtYV92ZXJzaW9uIjoiMSJ9",
          "dependencies": [
            "aws_vpc.mjs-vpc",
            "data.aws_availability_zones.available"
          ]
        }
      ]
    },
    {
      "mode": "managed",
      "type": "aws_subnet",
      "name": "k8s_public_subnet_1",
      "provider": "provider[\"registry.terraform.io/hashicorp/aws\"]",
      "instances": [
        {
          "schema_version": 1,
          "attributes": {
            "arn": "arn:aws:ec2:us-east-1:000982191218:subnet/subnet-07e3e148b334e7f00",
            "assign_ipv6_address_on_creation": false,
            "availability_zone": "us-east-1a",
            "availability_zone_id": "use1-az1",
            "cidr_block": "10.0.1.0/24",
            "customer_owned_ipv4_pool": "",
            "enable_dns64": false,
            "enable_resource_name_dns_a_record_on_launch": false,
            "enable_resource_name_dns_aaaa_record_on_launch": false,
            "id": "subnet-07e3e148b334e7f00",
            "ipv6_cidr_block": "",
            "ipv6_cidr_block_association_id": "",
            "ipv6_native": false,
            "map_customer_owned_ip_on_launch": false,
            "map_public_ip_on_launch": true,
            "outpost_arn": "",
            "owner_id": "000982191218",
            "private_dns_hostname_type_on_launch": "ip-name",
            "tags": {
              "Name": "tas-public-subnet-1",
              "Owner": "mjs",
              "Service": "k8s_example"
            },
            "tags_all": {
              "Name": "tas-public-subnet-1",
              "Owner": "mjs",
              "Service": "k8s_example"
            },
            "timeouts": null,
            "vpc_id": "vpc-096f191390297795a"
          },
          "sensitive_attributes": [],
          "private": "eyJlMmJmYjczMC1lY2FhLTExZTYtOGY4OC0zNDM2M2JjN2M0YzAiOnsiY3JlYXRlIjo2MDAwMDAwMDAwMDAsImRlbGV0ZSI6MTIwMDAwMDAwMDAwMH0sInNjaGVtYV92ZXJzaW9uIjoiMSJ9",
          "dependencies": [
            "aws_vpc.mjs-vpc",
            "data.aws_availability_zones.available"
          ]
        }
      ]
    },
    {
      "mode": "managed",
      "type": "aws_subnet",
      "name": "k8s_public_subnet_2",
      "provider": "provider[\"registry.terraform.io/hashicorp/aws\"]",
      "instances": [
        {
          "schema_version": 1,
          "attributes": {
            "arn": "arn:aws:ec2:us-east-1:000982191218:subnet/subnet-00b73a9b9c2dd27cf",
            "assign_ipv6_address_on_creation": false,
            "availability_zone": "us-east-1b",
            "availability_zone_id": "use1-az2",
            "cidr_block": "10.0.2.0/24",
            "customer_owned_ipv4_pool": "",
            "enable_dns64": false,
            "enable_resource_name_dns_a_record_on_launch": false,
            "enable_resource_name_dns_aaaa_record_on_launch": false,
            "id": "subnet-00b73a9b9c2dd27cf",
            "ipv6_cidr_block": "",
            "ipv6_cidr_block_association_id": "",
            "ipv6_native": false,
            "map_customer_owned_ip_on_launch": false,
            "map_public_ip_on_launch": true,
            "outpost_arn": "",
            "owner_id": "000982191218",
            "private_dns_hostname_type_on_launch": "ip-name",
            "tags": {
              "Name": "tas-public-subnet-2",
              "Owner": "mjs",
              "Service": "k8s_example"
            },
            "tags_all": {
              "Name": "tas-public-subnet-2",
              "Owner": "mjs",
              "Service": "k8s_example"
            },
            "timeouts": null,
            "vpc_id": "vpc-096f191390297795a"
          },
          "sensitive_attributes": [],
          "private": "eyJlMmJmYjczMC1lY2FhLTExZTYtOGY4OC0zNDM2M2JjN2M0YzAiOnsiY3JlYXRlIjo2MDAwMDAwMDAwMDAsImRlbGV0ZSI6MTIwMDAwMDAwMDAwMH0sInNjaGVtYV92ZXJzaW9uIjoiMSJ9",
          "dependencies": [
            "aws_vpc.mjs-vpc",
            "data.aws_availability_zones.available"
          ]
        }
      ]
    },
    {
      "mode": "managed",
      "type": "aws_vpc",
      "name": "mjs-vpc",
      "provider": "provider[\"registry.terraform.io/hashicorp/aws\"]",
      "instances": [
        {
          "schema_version": 1,
          "attributes": {
            "arn": "arn:aws:ec2:us-east-1:000982191218:vpc/vpc-096f191390297795a",
            "assign_generated_ipv6_cidr_block": false,
            "cidr_block": "10.0.0.0/16",
            "default_network_acl_id": "acl-01d0a3dde4580e479",
            "default_route_table_id": "rtb-05024bba5c5989c3c",
            "default_security_group_id": "sg-0ad7a8ee3152001b5",
            "dhcp_options_id": "dopt-090efa73",
            "enable_classiclink": false,
            "enable_classiclink_dns_support": false,
            "enable_dns_hostnames": true,
            "enable_dns_support": true,
            "id": "vpc-096f191390297795a",
            "instance_tenancy": "default",
            "ipv4_ipam_pool_id": null,
            "ipv4_netmask_length": null,
            "ipv6_association_id": "",
            "ipv6_cidr_block": "",
            "ipv6_cidr_block_network_border_group": "",
            "ipv6_ipam_pool_id": "",
            "ipv6_netmask_length": 0,
            "main_route_table_id": "rtb-05024bba5c5989c3c",
            "owner_id": "000982191218",
            "tags": {
              "Name": "mjs_vpc",
              "Owner": "mjs",
              "Service": "k8s_mjs"
            },
            "tags_all": {
              "Name": "mjs_vpc",
              "Owner": "mjs",
              "Service": "k8s_mjs"
            }
          },
          "sensitive_attributes": [],
          "private": "eyJzY2hlbWFfdmVyc2lvbiI6IjEifQ=="
        }
      ]
    }
  ]
}
