{
  "version": 4,
  "terraform_version": "1.1.6",
  "serial": 274,
  "lineage": "aac2bff7-7700-2f79-9203-dae93dc2ac2b",
  "outputs": {
    "endpoint": {
      "value": "https://74DDF17C6BD039EC87E7A9736C399F9D.gr7.us-east-1.eks.amazonaws.com",
      "type": "string"
    },
    "kubeconfig": {
      "value": "\n\napiVersion: v1\nclusters:\n- cluster:\n    server: https://74DDF17C6BD039EC87E7A9736C399F9D.gr7.us-east-1.eks.amazonaws.com\n    certificate-authority-data: LS0tLS1CRUdJTiBDRVJUSUZJQ0FURS0tLS0tCk1JSUM1ekNDQWMrZ0F3SUJBZ0lCQURBTkJna3Foa2lHOXcwQkFRc0ZBREFWTVJNd0VRWURWUVFERXdwcmRXSmwKY201bGRHVnpNQjRYRFRJeU1EUXdNVEE0TlRrek9Gb1hEVE15TURNeU9UQTROVGt6T0Zvd0ZURVRNQkVHQTFVRQpBeE1LYTNWaVpYSnVaWFJsY3pDQ0FTSXdEUVlKS29aSWh2Y05BUUVCQlFBRGdnRVBBRENDQVFvQ2dnRUJBS0l5Cm01VXkveUp4bkdCU1dxcnphbDZneVZaT2JIU3Z0QzNXdDFKRk5Ha0JFTUxxUmxNd2hEcjd3bnk1eGkwbExTVXUKcEFrWlovVnJLZldNak9pL3dLY0RpMUFOTzc3TWc0ZDNyemJIdER0NXJhMnJMNi80UE8rOGkrdElKZjdiS0V6OApQMFN4YVpEMmxVR0VKMVh2K3pJd2RsSG1KK1BhVkh1OEk1NGJITUMwR0JRaXhFY3hjclg2a1ZWdVI5TkNyZzJrClBLK3NOYUw2R3Q4d25JaUpIRXhOQmNDLytzd2VPQ0M2VXhTUER2N0JwZzI2MVozNjJzbVNKZ1g1N2xmTDRHdzUKVlZaVS8rNW51clNocXphL3phVWpheWNzRVNpVmNraVhGN2NwNUFlZDdTZEc3Y00rUGtIeWduUk16eTloNGlyQgo3U1FNelhSVENzQUNYUzJnekJNQ0F3RUFBYU5DTUVBd0RnWURWUjBQQVFIL0JBUURBZ0trTUE4R0ExVWRFd0VCCi93UUZNQU1CQWY4d0hRWURWUjBPQkJZRUZLRllmRXhoTE5LYVBQdjBISzNzL1BYejNnN0VNQTBHQ1NxR1NJYjMKRFFFQkN3VUFBNElCQVFDZCt6U1BxaDE0SjcxYnQ4dzRxUkNiQlNZaElWR3AzSWdxbHFKM29SUDc1S1FZWkdsSQpuelpEQUJ1VFBEb1lXbFdjWlhxSmVsQW5Wb0o0cVBkbWExa3p5dEM1bXhBcForVk5KeC9kTlptOTZOMFI0NWMvCnNuVHd4NUVOTDZzVEw4cytGTzlyU1FzVFpoREgzY2ROOS9vUEp5Q01wMXUwUnIvNVRoWTA4STM3RFhrb2tQclgKY1RtUFpmWHRQM3NEajhNZ2dpM1BtdFQvRlFlMDZOVGpiWUNWak9ENkxmbzdvMlg4UEV2YS9tdWZNWDNSQnkwdgpMb0Uyb2txQTJSd1d0RDBSZC9QQStpTGpUb0FQRDA5d0lXQlBnRC9CRUpNcXBqMSs4ZnZhTlVuM0lvbndBR3ZqCnVqV0RpcWhRcnBLZjUwUjlQSnBVc093YytsSHVTYmRjdUU1YQotLS0tLUVORCBDRVJUSUZJQ0FURS0tLS0tCg==\n  name: kubernetes\ncontexts:\n- context:\n    cluster: kubernetes\n    user: aws\n  name: aws\ncurrent-context: aws\nkind: Config\npreferences: {}\nusers:\n- name: aws\n  user:\n    exec:\n      apiVersion: client.authentication.k8s.io/v1alpha1\n      command: heptio-authenticator-aws\n      args:\n        - \"token\"\n        - \"-i\"\n        - \"mjs-terraform-eks\"\n",
      "type": "string"
    },
    "kubeconfig-certificate-authority-data": {
      "value": "LS0tLS1CRUdJTiBDRVJUSUZJQ0FURS0tLS0tCk1JSUM1ekNDQWMrZ0F3SUJBZ0lCQURBTkJna3Foa2lHOXcwQkFRc0ZBREFWTVJNd0VRWURWUVFERXdwcmRXSmwKY201bGRHVnpNQjRYRFRJeU1EUXdNVEE0TlRrek9Gb1hEVE15TURNeU9UQTROVGt6T0Zvd0ZURVRNQkVHQTFVRQpBeE1LYTNWaVpYSnVaWFJsY3pDQ0FTSXdEUVlKS29aSWh2Y05BUUVCQlFBRGdnRVBBRENDQVFvQ2dnRUJBS0l5Cm01VXkveUp4bkdCU1dxcnphbDZneVZaT2JIU3Z0QzNXdDFKRk5Ha0JFTUxxUmxNd2hEcjd3bnk1eGkwbExTVXUKcEFrWlovVnJLZldNak9pL3dLY0RpMUFOTzc3TWc0ZDNyemJIdER0NXJhMnJMNi80UE8rOGkrdElKZjdiS0V6OApQMFN4YVpEMmxVR0VKMVh2K3pJd2RsSG1KK1BhVkh1OEk1NGJITUMwR0JRaXhFY3hjclg2a1ZWdVI5TkNyZzJrClBLK3NOYUw2R3Q4d25JaUpIRXhOQmNDLytzd2VPQ0M2VXhTUER2N0JwZzI2MVozNjJzbVNKZ1g1N2xmTDRHdzUKVlZaVS8rNW51clNocXphL3phVWpheWNzRVNpVmNraVhGN2NwNUFlZDdTZEc3Y00rUGtIeWduUk16eTloNGlyQgo3U1FNelhSVENzQUNYUzJnekJNQ0F3RUFBYU5DTUVBd0RnWURWUjBQQVFIL0JBUURBZ0trTUE4R0ExVWRFd0VCCi93UUZNQU1CQWY4d0hRWURWUjBPQkJZRUZLRllmRXhoTE5LYVBQdjBISzNzL1BYejNnN0VNQTBHQ1NxR1NJYjMKRFFFQkN3VUFBNElCQVFDZCt6U1BxaDE0SjcxYnQ4dzRxUkNiQlNZaElWR3AzSWdxbHFKM29SUDc1S1FZWkdsSQpuelpEQUJ1VFBEb1lXbFdjWlhxSmVsQW5Wb0o0cVBkbWExa3p5dEM1bXhBcForVk5KeC9kTlptOTZOMFI0NWMvCnNuVHd4NUVOTDZzVEw4cytGTzlyU1FzVFpoREgzY2ROOS9vUEp5Q01wMXUwUnIvNVRoWTA4STM3RFhrb2tQclgKY1RtUFpmWHRQM3NEajhNZ2dpM1BtdFQvRlFlMDZOVGpiWUNWak9ENkxmbzdvMlg4UEV2YS9tdWZNWDNSQnkwdgpMb0Uyb2txQTJSd1d0RDBSZC9QQStpTGpUb0FQRDA5d0lXQlBnRC9CRUpNcXBqMSs4ZnZhTlVuM0lvbndBR3ZqCnVqV0RpcWhRcnBLZjUwUjlQSnBVc093YytsSHVTYmRjdUU1YQotLS0tLUVORCBDRVJUSUZJQ0FURS0tLS0tCg==",
      "type": "string"
    }
  },
  "resources": [
    {
      "mode": "data",
      "type": "aws_availability_zones",
      "name": "available",
      "provider": "provider[\"registry.terraform.io/hashicorp/aws\"]",
      "instances": [
        {
          "schema_version": 0,
          "attributes": {
            "all_availability_zones": null,
            "exclude_names": null,
            "exclude_zone_ids": null,
            "filter": null,
            "group_names": [
              "us-east-1"
            ],
            "id": "us-east-1",
            "names": [
              "us-east-1a",
              "us-east-1b",
              "us-east-1c",
              "us-east-1d",
              "us-east-1e",
              "us-east-1f"
            ],
            "state": "available",
            "zone_ids": [
              "use1-az1",
              "use1-az2",
              "use1-az4",
              "use1-az6",
              "use1-az3",
              "use1-az5"
            ]
          },
          "sensitive_attributes": []
        }
      ]
    },
    {
      "mode": "data",
      "type": "aws_eks_cluster_auth",
      "name": "eks-auth",
      "provider": "provider[\"registry.terraform.io/hashicorp/aws\"]",
      "instances": [
        {
          "schema_version": 0,
          "attributes": {
            "id": "mjs-terraform-eks",
            "name": "mjs-terraform-eks",
            "token": "k8s-aws-v1.aHR0cHM6Ly9zdHMuYW1hem9uYXdzLmNvbS8_QWN0aW9uPUdldENhbGxlcklkZW50aXR5JlZlcnNpb249MjAxMS0wNi0xNSZYLUFtei1BbGdvcml0aG09QVdTNC1ITUFDLVNIQTI1NiZYLUFtei1DcmVkZW50aWFsPUFLSUFRQU9VTEJSWkJTNVJaMk1PJTJGMjAyMjA0MDElMkZ1cy1lYXN0LTElMkZzdHMlMkZhd3M0X3JlcXVlc3QmWC1BbXotRGF0ZT0yMDIyMDQwMVQwODUyMzhaJlgtQW16LUV4cGlyZXM9MCZYLUFtei1TaWduZWRIZWFkZXJzPWhvc3QlM0J4LWs4cy1hd3MtaWQmWC1BbXotU2lnbmF0dXJlPTc2MWE4ZjdiMWExYjI0MmE2ODI5Y2E3N2UyOTkxZWFjODQ3OGVmMjU3OTk1NDAyMzIzOGJiNGYyNDliZjAzMDk"
          },
          "sensitive_attributes": []
        }
      ]
    },
    {
      "mode": "data",
      "type": "aws_iam_policy_document",
      "name": "mjs_assume_role_policy",
      "provider": "provider[\"registry.terraform.io/hashicorp/aws\"]",
      "instances": [
        {
          "schema_version": 0,
          "attributes": {
            "id": "1628456050",
            "json": "{\n  \"Version\": \"2012-10-17\",\n  \"Statement\": [\n    {\n      \"Sid\": \"\",\n      \"Effect\": \"Allow\",\n      \"Action\": \"sts:AssumeRoleWithWebIdentity\",\n      \"Principal\": {\n        \"Federated\": \"arn:aws:iam::000982191218:oidc-provider/oidc.eks.us-east-1.amazonaws.com/id/74DDF17C6BD039EC87E7A9736C399F9D\"\n      },\n      \"Condition\": {\n        \"StringEquals\": {\n          \"oidc.eks.us-east-1.amazonaws.com/id/74DDF17C6BD039EC87E7A9736C399F9D:sub\": \"system:serviceaccount:kube-system:aws-node\"\n        }\n      }\n    }\n  ]\n}",
            "override_json": null,
            "override_policy_documents": null,
            "policy_id": null,
            "source_json": null,
            "source_policy_documents": null,
            "statement": [
              {
                "actions": [
                  "sts:AssumeRoleWithWebIdentity"
                ],
                "condition": [
                  {
                    "test": "StringEquals",
                    "values": [
                      "system:serviceaccount:kube-system:aws-node"
                    ],
                    "variable": "oidc.eks.us-east-1.amazonaws.com/id/74DDF17C6BD039EC87E7A9736C399F9D:sub"
                  }
                ],
                "effect": "Allow",
                "not_actions": [],
                "not_principals": [],
                "not_resources": [],
                "principals": [
                  {
                    "identifiers": [
                      "arn:aws:iam::000982191218:oidc-provider/oidc.eks.us-east-1.amazonaws.com/id/74DDF17C6BD039EC87E7A9736C399F9D"
                    ],
                    "type": "Federated"
                  }
                ],
                "resources": [],
                "sid": ""
              }
            ],
            "version": "2012-10-17"
          },
          "sensitive_attributes": []
        }
      ]
    },
    {
      "mode": "data",
      "type": "tls_certificate",
      "name": "mjs-eks-tls",
      "provider": "provider[\"registry.terraform.io/hashicorp/tls\"]",
      "instances": [
        {
          "schema_version": 0,
          "attributes": {
            "certificates": [
              {
                "is_ca": true,
                "issuer": "OU=Starfield Class 2 Certification Authority,O=Starfield Technologies\\, Inc.,C=US",
                "not_after": "2034-06-28T17:39:16Z",
                "not_before": "2009-09-02T00:00:00Z",
                "public_key_algorithm": "RSA",
                "serial_number": "12037640545166866303",
                "sha1_fingerprint": "9e99a48a9960b14926bb7f3b02e22da2b0ab7280",
                "signature_algorithm": "SHA256-RSA",
                "subject": "CN=Starfield Services Root Certificate Authority - G2,O=Starfield Technologies\\, Inc.,L=Scottsdale,ST=Arizona,C=US",
                "version": 3
              },
              {
                "is_ca": true,
                "issuer": "CN=Starfield Services Root Certificate Authority - G2,O=Starfield Technologies\\, Inc.,L=Scottsdale,ST=Arizona,C=US",
                "not_after": "2037-12-31T01:00:00Z",
                "not_before": "2015-05-25T12:00:00Z",
                "public_key_algorithm": "RSA",
                "serial_number": "144918191876577076464031512351042010504348870",
                "sha1_fingerprint": "06b25927c42a721631c1efd9431e648fa62e1e39",
                "signature_algorithm": "SHA256-RSA",
                "subject": "CN=Amazon Root CA 1,O=Amazon,C=US",
                "version": 3
              },
              {
                "is_ca": true,
                "issuer": "CN=Amazon Root CA 1,O=Amazon,C=US",
                "not_after": "2025-10-19T00:00:00Z",
                "not_before": "2015-10-22T00:00:00Z",
                "public_key_algorithm": "RSA",
                "serial_number": "144918209630989264145272943054026349679957517",
                "sha1_fingerprint": "917e732d330f9a12404f73d8bea36948b929dffc",
                "signature_algorithm": "SHA256-RSA",
                "subject": "CN=Amazon,OU=Server CA 1B,O=Amazon,C=US",
                "version": 3
              },
              {
                "is_ca": false,
                "issuer": "CN=Amazon,OU=Server CA 1B,O=Amazon,C=US",
                "not_after": "2022-07-11T23:59:59Z",
                "not_before": "2021-06-12T00:00:00Z",
                "public_key_algorithm": "RSA",
                "serial_number": "17394337148501369979403692734506650154",
                "sha1_fingerprint": "e895c9a1be77b6c6300dc2525548225a675b1955",
                "signature_algorithm": "SHA256-RSA",
                "subject": "CN=oidc.eks.us-east-1.amazonaws.com",
                "version": 3
              }
            ],
            "id": "2022-04-01 09:06:05.64949 +0000 UTC",
            "url": "https://oidc.eks.us-east-1.amazonaws.com/id/74DDF17C6BD039EC87E7A9736C399F9D",
            "verify_chain": true
          },
          "sensitive_attributes": []
        }
      ]
    },
    {
      "mode": "managed",
      "type": "aws_cloudwatch_log_group",
      "name": "mjs-cloudwatch",
      "provider": "provider[\"registry.terraform.io/hashicorp/aws\"]",
      "instances": [
        {
          "schema_version": 0,
          "attributes": {
            "arn": "arn:aws:logs:us-east-1:000982191218:log-group:/aws/eks/mjs-terraform-eks/cluster",
            "id": "/aws/eks/mjs-terraform-eks/cluster",
            "kms_key_id": "",
            "name": "/aws/eks/mjs-terraform-eks/cluster",
            "name_prefix": null,
            "retention_in_days": 3,
            "tags": null,
            "tags_all": {}
          },
          "sensitive_attributes": [],
          "private": "bnVsbA=="
        }
      ]
    },
    {
      "mode": "managed",
      "type": "aws_eip",
      "name": "bastion-eip",
      "provider": "provider[\"registry.terraform.io/hashicorp/aws\"]",
      "instances": [
        {
          "schema_version": 0,
          "attributes": {
            "address": null,
            "allocation_id": "eipalloc-0de4a40afa73e303f",
            "associate_with_private_ip": null,
            "association_id": "eipassoc-0c952e3b280e26344",
            "carrier_ip": "",
            "customer_owned_ip": "",
            "customer_owned_ipv4_pool": "",
            "domain": "vpc",
            "id": "eipalloc-0de4a40afa73e303f",
            "instance": "i-0c16e1037f647406e",
            "network_border_group": "us-east-1",
            "network_interface": "eni-01fe96f8fe9030b80",
            "private_dns": "ip-10-0-1-52.ec2.internal",
            "private_ip": "10.0.1.52",
            "public_dns": "ec2-107-23-27-114.compute-1.amazonaws.com",
            "public_ip": "107.23.27.114",
            "public_ipv4_pool": "amazon",
            "tags": {
              "Name": "Bastion-eip"
            },
            "tags_all": {
              "Name": "Bastion-eip"
            },
            "timeouts": null,
            "vpc": true
          },
          "sensitive_attributes": [],
          "private": "eyJlMmJmYjczMC1lY2FhLTExZTYtOGY4OC0zNDM2M2JjN2M0YzAiOnsiZGVsZXRlIjoxODAwMDAwMDAwMDAsInJlYWQiOjkwMDAwMDAwMDAwMCwidXBkYXRlIjozMDAwMDAwMDAwMDB9fQ==",
          "dependencies": [
            "aws_instance.mjs-bastion",
            "aws_security_group.bastion_security_group",
            "aws_subnet.k8s_public_subnet_1",
            "aws_vpc.mjs-vpc",
            "data.aws_availability_zones.available"
          ]
        }
      ]
    },
    {
      "mode": "managed",
      "type": "aws_eip",
      "name": "nat-eip",
      "provider": "provider[\"registry.terraform.io/hashicorp/aws\"]",
      "instances": [
        {
          "schema_version": 0,
          "attributes": {
            "address": null,
            "allocation_id": "eipalloc-078929bad57c97ff4",
            "associate_with_private_ip": null,
            "association_id": "",
            "carrier_ip": "",
            "customer_owned_ip": "",
            "customer_owned_ipv4_pool": "",
            "domain": "vpc",
            "id": "eipalloc-078929bad57c97ff4",
            "instance": "",
            "network_border_group": "us-east-1",
            "network_interface": "",
            "private_dns": null,
            "private_ip": "",
            "public_dns": "ec2-23-20-218-254.compute-1.amazonaws.com",
            "public_ip": "23.20.218.254",
            "public_ipv4_pool": "amazon",
            "tags": {
              "Name": "Nat-eip"
            },
            "tags_all": {
              "Name": "Nat-eip"
            },
            "timeouts": null,
            "vpc": true
          },
          "sensitive_attributes": [],
          "private": "eyJlMmJmYjczMC1lY2FhLTExZTYtOGY4OC0zNDM2M2JjN2M0YzAiOnsiZGVsZXRlIjoxODAwMDAwMDAwMDAsInJlYWQiOjkwMDAwMDAwMDAwMCwidXBkYXRlIjozMDAwMDAwMDAwMDB9fQ=="
        }
      ]
    },
    {
      "mode": "managed",
      "type": "aws_eks_cluster",
      "name": "mjs-terraform-eks",
      "provider": "provider[\"registry.terraform.io/hashicorp/aws\"]",
      "instances": [
        {
          "schema_version": 0,
          "attributes": {
            "arn": "arn:aws:eks:us-east-1:000982191218:cluster/mjs-terraform-eks",
            "certificate_authority": [
              {
                "data": "LS0tLS1CRUdJTiBDRVJUSUZJQ0FURS0tLS0tCk1JSUM1ekNDQWMrZ0F3SUJBZ0lCQURBTkJna3Foa2lHOXcwQkFRc0ZBREFWTVJNd0VRWURWUVFERXdwcmRXSmwKY201bGRHVnpNQjRYRFRJeU1EUXdNVEE0TlRrek9Gb1hEVE15TURNeU9UQTROVGt6T0Zvd0ZURVRNQkVHQTFVRQpBeE1LYTNWaVpYSnVaWFJsY3pDQ0FTSXdEUVlKS29aSWh2Y05BUUVCQlFBRGdnRVBBRENDQVFvQ2dnRUJBS0l5Cm01VXkveUp4bkdCU1dxcnphbDZneVZaT2JIU3Z0QzNXdDFKRk5Ha0JFTUxxUmxNd2hEcjd3bnk1eGkwbExTVXUKcEFrWlovVnJLZldNak9pL3dLY0RpMUFOTzc3TWc0ZDNyemJIdER0NXJhMnJMNi80UE8rOGkrdElKZjdiS0V6OApQMFN4YVpEMmxVR0VKMVh2K3pJd2RsSG1KK1BhVkh1OEk1NGJITUMwR0JRaXhFY3hjclg2a1ZWdVI5TkNyZzJrClBLK3NOYUw2R3Q4d25JaUpIRXhOQmNDLytzd2VPQ0M2VXhTUER2N0JwZzI2MVozNjJzbVNKZ1g1N2xmTDRHdzUKVlZaVS8rNW51clNocXphL3phVWpheWNzRVNpVmNraVhGN2NwNUFlZDdTZEc3Y00rUGtIeWduUk16eTloNGlyQgo3U1FNelhSVENzQUNYUzJnekJNQ0F3RUFBYU5DTUVBd0RnWURWUjBQQVFIL0JBUURBZ0trTUE4R0ExVWRFd0VCCi93UUZNQU1CQWY4d0hRWURWUjBPQkJZRUZLRllmRXhoTE5LYVBQdjBISzNzL1BYejNnN0VNQTBHQ1NxR1NJYjMKRFFFQkN3VUFBNElCQVFDZCt6U1BxaDE0SjcxYnQ4dzRxUkNiQlNZaElWR3AzSWdxbHFKM29SUDc1S1FZWkdsSQpuelpEQUJ1VFBEb1lXbFdjWlhxSmVsQW5Wb0o0cVBkbWExa3p5dEM1bXhBcForVk5KeC9kTlptOTZOMFI0NWMvCnNuVHd4NUVOTDZzVEw4cytGTzlyU1FzVFpoREgzY2ROOS9vUEp5Q01wMXUwUnIvNVRoWTA4STM3RFhrb2tQclgKY1RtUFpmWHRQM3NEajhNZ2dpM1BtdFQvRlFlMDZOVGpiWUNWak9ENkxmbzdvMlg4UEV2YS9tdWZNWDNSQnkwdgpMb0Uyb2txQTJSd1d0RDBSZC9QQStpTGpUb0FQRDA5d0lXQlBnRC9CRUpNcXBqMSs4ZnZhTlVuM0lvbndBR3ZqCnVqV0RpcWhRcnBLZjUwUjlQSnBVc093YytsSHVTYmRjdUU1YQotLS0tLUVORCBDRVJUSUZJQ0FURS0tLS0tCg=="
              }
            ],
            "created_at": "2022-04-01 08:53:04.219 +0000 UTC",
            "enabled_cluster_log_types": [
              "api",
              "audit",
              "authenticator",
              "controllerManager",
              "scheduler"
            ],
            "encryption_config": [],
            "endpoint": "https://74DDF17C6BD039EC87E7A9736C399F9D.gr7.us-east-1.eks.amazonaws.com",
            "id": "mjs-terraform-eks",
            "identity": [
              {
                "oidc": [
                  {
                    "issuer": "https://oidc.eks.us-east-1.amazonaws.com/id/74DDF17C6BD039EC87E7A9736C399F9D"
                  }
                ]
              }
            ],
            "kubernetes_network_config": [
              {
                "ip_family": "ipv4",
                "service_ipv4_cidr": "172.20.0.0/16"
              }
            ],
            "name": "mjs-terraform-eks",
            "platform_version": "eks.5",
            "role_arn": "arn:aws:iam::000982191218:role/mjs-eks",
            "status": "ACTIVE",
            "tags": null,
            "tags_all": {},
            "timeouts": {
              "create": "1h",
              "delete": "30m",
              "update": "1h"
            },
            "version": "1.21",
            "vpc_config": [
              {
                "cluster_security_group_id": "sg-05f538565b7a12b0a",
                "endpoint_private_access": true,
                "endpoint_public_access": true,
                "public_access_cidrs": [
                  "0.0.0.0/0"
                ],
                "security_group_ids": [
                  "sg-072cef1dc4faf4f41"
                ],
                "subnet_ids": [
                  "subnet-0510fbca80352cc91",
                  "subnet-09f2f738c08f60c02"
                ],
                "vpc_id": "vpc-080ccf0215acb4be3"
              }
            ]
          },
          "sensitive_attributes": [],
          "private": "eyJlMmJmYjczMC1lY2FhLTExZTYtOGY4OC0zNDM2M2JjN2M0YzAiOnsiY3JlYXRlIjozNjAwMDAwMDAwMDAwLCJkZWxldGUiOjE4MDAwMDAwMDAwMDAsInVwZGF0ZSI6MzYwMDAwMDAwMDAwMH19",
          "dependencies": [
            "aws_cloudwatch_log_group.mjs-cloudwatch",
            "aws_iam_role.mjs-eks-iam",
            "aws_iam_role_policy_attachment.mjs-AmazonEKSClusterPolicy",
            "aws_iam_role_policy_attachment.mjs-AmazonEKSVPCResourceController",
            "aws_security_group.mjs-securitygroup",
            "aws_subnet.k8s_private_subnet_1",
            "aws_subnet.k8s_private_subnet_2",
            "aws_vpc.mjs-vpc",
            "data.aws_availability_zones.available"
          ]
        }
      ]
    },
    {
      "mode": "managed",
      "type": "aws_eks_node_group",
      "name": "mjs-eks-node-group",
      "provider": "provider[\"registry.terraform.io/hashicorp/aws\"]",
      "instances": [
        {
          "status": "tainted",
          "schema_version": 0,
          "attributes": {
            "ami_type": null,
            "arn": null,
            "capacity_type": null,
            "cluster_name": "mjs-terraform-eks",
            "disk_size": null,
            "force_update_version": null,
            "id": "mjs-terraform-eks:mjs-eks-node-group",
            "instance_types": null,
            "labels": {
              "role": "mjs-eks-node-group"
            },
            "launch_template": [],
            "node_group_name": "mjs-eks-node-group",
            "node_group_name_prefix": null,
            "node_role_arn": "arn:aws:iam::000982191218:role/eks-terraform-node-role",
            "release_version": null,
            "remote_access": [],
            "resources": null,
            "scaling_config": [
              {
                "desired_size": 1,
                "max_size": 3,
                "min_size": 1
              }
            ],
            "status": null,
            "subnet_ids": [
              "subnet-0510fbca80352cc91",
              "subnet-09f2f738c08f60c02"
            ],
            "tags": {
              "Name": "mjs-terraform-eks-mjs-eks-node-group-Node",
              "kubernetes.io/cluster/mjs-terraform-eks": "owned"
            },
            "tags_all": {
              "Name": "mjs-terraform-eks-mjs-eks-node-group-Node",
              "kubernetes.io/cluster/mjs-terraform-eks": "owned"
            },
            "taint": [],
            "timeouts": null,
            "update_config": null,
            "version": null
          },
          "sensitive_attributes": [],
          "private": "eyJlMmJmYjczMC1lY2FhLTExZTYtOGY4OC0zNDM2M2JjN2M0YzAiOnsiY3JlYXRlIjozNjAwMDAwMDAwMDAwLCJkZWxldGUiOjM2MDAwMDAwMDAwMDAsInVwZGF0ZSI6MzYwMDAwMDAwMDAwMH19",
          "dependencies": [
            "aws_cloudwatch_log_group.mjs-cloudwatch",
            "aws_eks_cluster.mjs-terraform-eks",
            "aws_iam_role.eks-terraform-node-role",
            "aws_iam_role.mjs-eks-iam",
            "aws_iam_role_policy_attachment.mjs-AmazonEKSClusterPolicy",
            "aws_iam_role_policy_attachment.mjs-AmazonEKSVPCResourceController",
            "aws_iam_role_policy_attachment.mjs-node-AmazonEC2ContainerRegistryReadOnly",
            "aws_iam_role_policy_attachment.mjs-node-AmazonEKSWorkerNodePolicy",
            "aws_iam_role_policy_attachment.mjs-node-AmazonEKS_CNI_Policy",
            "aws_iam_role_policy_attachment.mjs-node-AmazonSSMManagedInstanceCor",
            "aws_security_group.mjs-securitygroup",
            "aws_subnet.k8s_private_subnet_1",
            "aws_subnet.k8s_private_subnet_2",
            "aws_vpc.mjs-vpc",
            "data.aws_availability_zones.available"
          ]
        }
      ]
    },
    {
      "mode": "managed",
      "type": "aws_iam_instance_profile",
      "name": "eks-terraform-node-role",
      "provider": "provider[\"registry.terraform.io/hashicorp/aws\"]",
      "instances": [
        {
          "schema_version": 0,
          "attributes": {
            "arn": "arn:aws:iam::000982191218:instance-profile/kube-worker",
            "create_date": "2022-04-01T08:52:44Z",
            "id": "kube-worker",
            "name": "kube-worker",
            "name_prefix": null,
            "path": "/",
            "role": "eks-terraform-node-role",
            "tags": null,
            "tags_all": {},
            "unique_id": "AIPAQAOULBRZDOLCAXC5M"
          },
          "sensitive_attributes": [],
          "private": "bnVsbA==",
          "dependencies": [
            "aws_iam_role.eks-terraform-node-role"
          ]
        }
      ]
    },
    {
      "mode": "managed",
      "type": "aws_iam_openid_connect_provider",
      "name": "mjs-eks-provider",
      "provider": "provider[\"registry.terraform.io/hashicorp/aws\"]",
      "instances": [
        {
          "schema_version": 0,
          "attributes": {
            "arn": "arn:aws:iam::000982191218:oidc-provider/oidc.eks.us-east-1.amazonaws.com/id/74DDF17C6BD039EC87E7A9736C399F9D",
            "client_id_list": [
              "sts.amazonaws.com"
            ],
            "id": "arn:aws:iam::000982191218:oidc-provider/oidc.eks.us-east-1.amazonaws.com/id/74DDF17C6BD039EC87E7A9736C399F9D",
            "tags": null,
            "tags_all": {},
            "thumbprint_list": [
              "9e99a48a9960b14926bb7f3b02e22da2b0ab7280"
            ],
            "url": "oidc.eks.us-east-1.amazonaws.com/id/74DDF17C6BD039EC87E7A9736C399F9D"
          },
          "sensitive_attributes": [],
          "private": "bnVsbA==",
          "dependencies": [
            "aws_cloudwatch_log_group.mjs-cloudwatch",
            "aws_eks_cluster.mjs-terraform-eks",
            "aws_iam_role.mjs-eks-iam",
            "aws_iam_role_policy_attachment.mjs-AmazonEKSClusterPolicy",
            "aws_iam_role_policy_attachment.mjs-AmazonEKSVPCResourceController",
            "aws_security_group.mjs-securitygroup",
            "aws_subnet.k8s_private_subnet_1",
            "aws_subnet.k8s_private_subnet_2",
            "aws_vpc.mjs-vpc",
            "data.aws_availability_zones.available",
            "data.tls_certificate.mjs-eks-tls"
          ]
        }
      ]
    },
    {
      "mode": "managed",
      "type": "aws_iam_role",
      "name": "eks-terraform-node-role",
      "provider": "provider[\"registry.terraform.io/hashicorp/aws\"]",
      "instances": [
        {
          "schema_version": 0,
          "attributes": {
            "arn": "arn:aws:iam::000982191218:role/eks-terraform-node-role",
            "assume_role_policy": "{\"Version\":\"2012-10-17\",\"Statement\":[{\"Effect\":\"Allow\",\"Principal\":{\"Service\":\"ec2.amazonaws.com\"},\"Action\":\"sts:AssumeRole\"}]}",
            "create_date": "2022-04-01T08:52:42Z",
            "description": "",
            "force_detach_policies": false,
            "id": "eks-terraform-node-role",
            "inline_policy": [
              {
                "name": "",
                "policy": ""
              }
            ],
            "managed_policy_arns": [],
            "max_session_duration": 3600,
            "name": "eks-terraform-node-role",
            "name_prefix": "",
            "path": "/",
            "permissions_boundary": null,
            "tags": null,
            "tags_all": {},
            "unique_id": "AROAQAOULBRZPBSSDZIT5"
          },
          "sensitive_attributes": [],
          "private": "bnVsbA=="
        }
      ]
    },
    {
      "mode": "managed",
      "type": "aws_iam_role",
      "name": "mjs-eks-iam",
      "provider": "provider[\"registry.terraform.io/hashicorp/aws\"]",
      "instances": [
        {
          "schema_version": 0,
          "attributes": {
            "arn": "arn:aws:iam::000982191218:role/mjs-eks",
            "assume_role_policy": "{\"Version\":\"2012-10-17\",\"Statement\":[{\"Effect\":\"Allow\",\"Principal\":{\"Service\":\"eks.amazonaws.com\"},\"Action\":\"sts:AssumeRole\"}]}",
            "create_date": "2022-04-01T08:52:42Z",
            "description": "",
            "force_detach_policies": false,
            "id": "mjs-eks",
            "inline_policy": [
              {
                "name": "",
                "policy": ""
              }
            ],
            "managed_policy_arns": [],
            "max_session_duration": 3600,
            "name": "mjs-eks",
            "name_prefix": "",
            "path": "/",
            "permissions_boundary": null,
            "tags": null,
            "tags_all": {},
            "unique_id": "AROAQAOULBRZL2NZPY4OX"
          },
          "sensitive_attributes": [],
          "private": "bnVsbA=="
        }
      ]
    },
    {
      "mode": "managed",
      "type": "aws_iam_role",
      "name": "mjs_assume_role",
      "provider": "provider[\"registry.terraform.io/hashicorp/aws\"]",
      "instances": [
        {
          "schema_version": 0,
          "attributes": {
            "arn": "arn:aws:iam::000982191218:role/mjs_assume_role",
            "assume_role_policy": "{\"Version\":\"2012-10-17\",\"Statement\":[{\"Sid\":\"\",\"Effect\":\"Allow\",\"Principal\":{\"Federated\":\"arn:aws:iam::000982191218:oidc-provider/oidc.eks.us-east-1.amazonaws.com/id/74DDF17C6BD039EC87E7A9736C399F9D\"},\"Action\":\"sts:AssumeRoleWithWebIdentity\",\"Condition\":{\"StringEquals\":{\"oidc.eks.us-east-1.amazonaws.com/id/74DDF17C6BD039EC87E7A9736C399F9D:sub\":\"system:serviceaccount:kube-system:aws-node\"}}}]}",
            "create_date": "2022-04-01T09:06:07Z",
            "description": "",
            "force_detach_policies": false,
            "id": "mjs_assume_role",
            "inline_policy": [
              {
                "name": "",
                "policy": ""
              }
            ],
            "managed_policy_arns": [],
            "max_session_duration": 3600,
            "name": "mjs_assume_role",
            "name_prefix": "",
            "path": "/",
            "permissions_boundary": null,
            "tags": null,
            "tags_all": {},
            "unique_id": "AROAQAOULBRZF73VOHO35"
          },
          "sensitive_attributes": [],
          "private": "bnVsbA==",
          "dependencies": [
            "aws_cloudwatch_log_group.mjs-cloudwatch",
            "aws_eks_cluster.mjs-terraform-eks",
            "aws_iam_openid_connect_provider.mjs-eks-provider",
            "aws_iam_role.mjs-eks-iam",
            "aws_iam_role_policy_attachment.mjs-AmazonEKSClusterPolicy",
            "aws_iam_role_policy_attachment.mjs-AmazonEKSVPCResourceController",
            "aws_security_group.mjs-securitygroup",
            "aws_subnet.k8s_private_subnet_1",
            "aws_subnet.k8s_private_subnet_2",
            "aws_vpc.mjs-vpc",
            "data.aws_availability_zones.available",
            "data.aws_iam_policy_document.mjs_assume_role_policy",
            "data.tls_certificate.mjs-eks-tls"
          ]
        }
      ]
    },
    {
      "mode": "managed",
      "type": "aws_iam_role_policy_attachment",
      "name": "mjs-AmazonEKSClusterPolicy",
      "provider": "provider[\"registry.terraform.io/hashicorp/aws\"]",
      "instances": [
        {
          "schema_version": 0,
          "attributes": {
            "id": "mjs-eks-20220401085244101200000001",
            "policy_arn": "arn:aws:iam::aws:policy/AmazonEKSClusterPolicy",
            "role": "mjs-eks"
          },
          "sensitive_attributes": [],
          "private": "bnVsbA==",
          "dependencies": [
            "aws_iam_role.mjs-eks-iam"
          ]
        }
      ]
    },
    {
      "mode": "managed",
      "type": "aws_iam_role_policy_attachment",
      "name": "mjs-AmazonEKSVPCResourceController",
      "provider": "provider[\"registry.terraform.io/hashicorp/aws\"]",
      "instances": [
        {
          "schema_version": 0,
          "attributes": {
            "id": "mjs-eks-20220401085244572500000004",
            "policy_arn": "arn:aws:iam::aws:policy/AmazonEKSVPCResourceController",
            "role": "mjs-eks"
          },
          "sensitive_attributes": [],
          "private": "bnVsbA==",
          "dependencies": [
            "aws_iam_role.mjs-eks-iam"
          ]
        }
      ]
    },
    {
      "mode": "managed",
      "type": "aws_iam_role_policy_attachment",
      "name": "mjs-node-AmazonEC2ContainerRegistryReadOnly",
      "provider": "provider[\"registry.terraform.io/hashicorp/aws\"]",
      "instances": [
        {
          "schema_version": 0,
          "attributes": {
            "id": "eks-terraform-node-role-20220401085244160600000002",
            "policy_arn": "arn:aws:iam::aws:policy/AmazonEC2ContainerRegistryReadOnly",
            "role": "eks-terraform-node-role"
          },
          "sensitive_attributes": [],
          "private": "bnVsbA==",
          "dependencies": [
            "aws_iam_role.eks-terraform-node-role"
          ]
        }
      ]
    },
    {
      "mode": "managed",
      "type": "aws_iam_role_policy_attachment",
      "name": "mjs-node-AmazonEKSWorkerNodePolicy",
      "provider": "provider[\"registry.terraform.io/hashicorp/aws\"]",
      "instances": [
        {
          "schema_version": 0,
          "attributes": {
            "id": "eks-terraform-node-role-20220401085244658800000005",
            "policy_arn": "arn:aws:iam::aws:policy/AmazonEKSWorkerNodePolicy",
            "role": "eks-terraform-node-role"
          },
          "sensitive_attributes": [],
          "private": "bnVsbA==",
          "dependencies": [
            "aws_iam_role.eks-terraform-node-role"
          ]
        }
      ]
    },
    {
      "mode": "managed",
      "type": "aws_iam_role_policy_attachment",
      "name": "mjs-node-AmazonEKS_CNI_Policy",
      "provider": "provider[\"registry.terraform.io/hashicorp/aws\"]",
      "instances": [
        {
          "schema_version": 0,
          "attributes": {
            "id": "eks-terraform-node-role-20220401085244811500000006",
            "policy_arn": "arn:aws:iam::aws:policy/AmazonEKS_CNI_Policy",
            "role": "eks-terraform-node-role"
          },
          "sensitive_attributes": [],
          "private": "bnVsbA==",
          "dependencies": [
            "aws_iam_role.eks-terraform-node-role"
          ]
        }
      ]
    },
    {
      "mode": "managed",
      "type": "aws_iam_role_policy_attachment",
      "name": "mjs-node-AmazonSSMManagedInstanceCor",
      "provider": "provider[\"registry.terraform.io/hashicorp/aws\"]",
      "instances": [
        {
          "schema_version": 0,
          "attributes": {
            "id": "eks-terraform-node-role-20220401085244406500000003",
            "policy_arn": "arn:aws:iam::aws:policy/AmazonSSMManagedInstanceCore",
            "role": "eks-terraform-node-role"
          },
          "sensitive_attributes": [],
          "private": "bnVsbA==",
          "dependencies": [
            "aws_iam_role.eks-terraform-node-role"
          ]
        }
      ]
    },
    {
      "mode": "managed",
      "type": "aws_instance",
      "name": "mjs-bastion",
      "provider": "provider[\"registry.terraform.io/hashicorp/aws\"]",
      "instances": [
        {
          "schema_version": 1,
          "attributes": {
            "ami": "ami-04505e74c0741db8d",
            "arn": "arn:aws:ec2:us-east-1:000982191218:instance/i-0c16e1037f647406e",
            "associate_public_ip_address": true,
            "availability_zone": "us-east-1a",
            "capacity_reservation_specification": [
              {
                "capacity_reservation_preference": "open",
                "capacity_reservation_target": []
              }
            ],
            "cpu_core_count": 2,
            "cpu_threads_per_core": 1,
            "credit_specification": [
              {
                "cpu_credits": "standard"
              }
            ],
            "disable_api_termination": false,
            "ebs_block_device": [],
            "ebs_optimized": false,
            "enclave_options": [
              {
                "enabled": false
              }
            ],
            "ephemeral_block_device": [],
            "get_password_data": false,
            "hibernation": false,
            "host_id": null,
            "iam_instance_profile": "",
            "id": "i-0c16e1037f647406e",
            "instance_initiated_shutdown_behavior": "stop",
            "instance_state": "running",
            "instance_type": "t2.medium",
            "ipv6_address_count": 0,
            "ipv6_addresses": [],
            "key_name": "terraform-test-key",
            "launch_template": [],
            "metadata_options": [
              {
                "http_endpoint": "enabled",
                "http_put_response_hop_limit": 1,
                "http_tokens": "optional",
                "instance_metadata_tags": "disabled"
              }
            ],
            "monitoring": false,
            "network_interface": [],
            "outpost_arn": "",
            "password_data": "",
            "placement_group": "",
            "placement_partition_number": null,
            "primary_network_interface_id": "eni-01fe96f8fe9030b80",
            "private_dns": "ip-10-0-1-52.ec2.internal",
            "private_ip": "10.0.1.52",
            "public_dns": "ec2-34-237-137-118.compute-1.amazonaws.com",
            "public_ip": "34.237.137.118",
            "root_block_device": [
              {
                "delete_on_termination": true,
                "device_name": "/dev/sda1",
                "encrypted": false,
                "iops": 100,
                "kms_key_id": "",
                "tags": {},
                "throughput": 0,
                "volume_id": "vol-094bb1d6738180dcc",
                "volume_size": 8,
                "volume_type": "gp2"
              }
            ],
            "secondary_private_ips": [],
            "security_groups": [],
            "source_dest_check": true,
            "subnet_id": "subnet-00305cfca13f433b2",
            "tags": {
              "Name": "mjs-bastion-bastion"
            },
            "tags_all": {
              "Name": "mjs-bastion-bastion"
            },
            "tenancy": "default",
            "timeouts": null,
            "user_data": null,
            "user_data_base64": null,
            "volume_tags": null,
            "vpc_security_group_ids": [
              "sg-0fc272a84e04022b0"
            ]
          },
          "sensitive_attributes": [],
          "private": "eyJlMmJmYjczMC1lY2FhLTExZTYtOGY4OC0zNDM2M2JjN2M0YzAiOnsiY3JlYXRlIjo2MDAwMDAwMDAwMDAsImRlbGV0ZSI6MTIwMDAwMDAwMDAwMCwidXBkYXRlIjo2MDAwMDAwMDAwMDB9LCJzY2hlbWFfdmVyc2lvbiI6IjEifQ==",
          "dependencies": [
            "aws_security_group.bastion_security_group",
            "aws_subnet.k8s_public_subnet_1",
            "aws_vpc.mjs-vpc",
            "data.aws_availability_zones.available"
          ]
        }
      ]
    },
    {
      "mode": "managed",
      "type": "aws_internet_gateway",
      "name": "mjs-igw",
      "provider": "provider[\"registry.terraform.io/hashicorp/aws\"]",
      "instances": [
        {
          "schema_version": 0,
          "attributes": {
            "arn": "arn:aws:ec2:us-east-1:000982191218:internet-gateway/igw-0d65d686bf388e048",
            "id": "igw-0d65d686bf388e048",
            "owner_id": "000982191218",
            "tags": {
              "Name": "mjs_igw",
              "Owner": "mjs",
              "Service": "k8s_mjs"
            },
            "tags_all": {
              "Name": "mjs_igw",
              "Owner": "mjs",
              "Service": "k8s_mjs"
            },
            "vpc_id": "vpc-080ccf0215acb4be3"
          },
          "sensitive_attributes": [],
          "private": "bnVsbA==",
          "dependencies": [
            "aws_vpc.mjs-vpc"
          ]
        }
      ]
    },
    {
      "mode": "managed",
      "type": "aws_key_pair",
      "name": "aws_key",
      "provider": "provider[\"registry.terraform.io/hashicorp/aws\"]",
      "instances": [
        {
          "schema_version": 1,
          "attributes": {
            "arn": "arn:aws:ec2:us-east-1:000982191218:key-pair/terraform-test-key",
            "fingerprint": "ae:b6:4c:60:79:8c:84:6b:4f:e9:20:c3:b2:12:ed:b0",
            "id": "terraform-test-key",
            "key_name": "terraform-test-key",
            "key_name_prefix": "",
            "key_pair_id": "key-0bfe233604a345799",
            "public_key": "ssh-rsa AAAAB3NzaC1yc2EAAAADAQABAAACAQDKsg8bwDvQ9o8gkEN9kpr5EA/C8RPrdCsfq6n6rcRl7Zg/Pnh4jHtCNKf/jZPJVjkiYwfzKp8Sn/7GtNIarvV2nfdrCyLn/l3OGwh5nlfEKEbXZVcDUnFWsKjlmwaehuP3OdA5t6m8848qP7kLcQBHguzQjrrfRhlOY3ux1eYtNnkLyNx4hnO0puAZ7pq9iZHHul6IewJCbywEJwzwHt2Q6UIIuMAAn8jLnl9LL9AVVGALxu/hM/Y9mhyFzfGbC1w75egzFrpzxVd/KvCuoBoCw7M3HP2dnvyB56jrb64a5BOJLJvC1N6p+fQUx+ywKozfUiWIw96vqci33o9N5ZEkQNlwySCb/qfsoTROGtquZE7V8SB1Nm5x76GDKrbEAAGSTA8hdCvIsumfpUpRUCkAuJlg0m/TGBKvgEX1c6zIwphfAyd5aUza/RJ6DAhuQ/qoeHsLWp7dhg7RaYLO35HxwWyExnyK9/ErINH0msgPrudVsXTur6M8ttqDncpalyvg/tsgHa/5cRna6VtNEdmiELEfx3NNWdJw+z3Ln7gAAocfAyHNZuEHSa64n6CEXV+5J4hIWg/YvysDH5RmhJqQ4QtJLO30W9ZMs+5FPztdq17zT77vG7U61xYyjGdzpKYOFrx9AGTlJZ9pvuA8IjQRoP3uveubim0z+bR/WijLkQ== kb01-mjs1212@KB01-MJS1212.local",
            "tags": null,
            "tags_all": {}
          },
          "sensitive_attributes": [],
          "private": "eyJzY2hlbWFfdmVyc2lvbiI6IjEifQ=="
        }
      ]
    },
    {
      "mode": "managed",
      "type": "aws_route_table",
      "name": "mjs-pri-rt",
      "provider": "provider[\"registry.terraform.io/hashicorp/aws\"]",
      "instances": []
    },
    {
      "mode": "managed",
      "type": "aws_route_table",
      "name": "mjs-public-rt",
      "provider": "provider[\"registry.terraform.io/hashicorp/aws\"]",
      "instances": [
        {
          "status": "tainted",
          "schema_version": 0,
          "attributes": {
            "arn": null,
            "id": "rtb-007468086919649a4",
            "owner_id": null,
            "propagating_vgws": [],
            "route": [
              {
                "carrier_gateway_id": "",
                "cidr_block": "0.0.0.0/0",
                "destination_prefix_list_id": "",
                "egress_only_gateway_id": "",
                "gateway_id": "",
                "instance_id": "",
                "ipv6_cidr_block": "",
                "local_gateway_id": "",
                "nat_gateway_id": "igw-0d65d686bf388e048",
                "network_interface_id": "",
                "transit_gateway_id": "",
                "vpc_endpoint_id": "",
                "vpc_peering_connection_id": ""
              }
            ],
            "tags": {
              "Name": "mjs_public_rt",
              "Owner": "mjs",
              "Service": "k8s_mjs"
            },
            "tags_all": {
              "Name": "mjs_public_rt",
              "Owner": "mjs",
              "Service": "k8s_mjs"
            },
            "timeouts": null,
            "vpc_id": "vpc-080ccf0215acb4be3"
          },
          "sensitive_attributes": [],
          "private": "eyJlMmJmYjczMC1lY2FhLTExZTYtOGY4OC0zNDM2M2JjN2M0YzAiOnsiY3JlYXRlIjozMDAwMDAwMDAwMDAsImRlbGV0ZSI6MzAwMDAwMDAwMDAwLCJ1cGRhdGUiOjEyMDAwMDAwMDAwMH19",
          "dependencies": [
            "aws_internet_gateway.mjs-igw",
            "aws_vpc.mjs-vpc"
          ]
        }
      ]
    },
    {
      "mode": "managed",
      "type": "aws_route_table_association",
      "name": "k8s_private_association_1",
      "provider": "provider[\"registry.terraform.io/hashicorp/aws\"]",
      "instances": []
    },
    {
      "mode": "managed",
      "type": "aws_route_table_association",
      "name": "k8s_private_association_2",
      "provider": "provider[\"registry.terraform.io/hashicorp/aws\"]",
      "instances": []
    },
    {
      "mode": "managed",
      "type": "aws_route_table_association",
      "name": "k8s_public_association_1",
      "provider": "provider[\"registry.terraform.io/hashicorp/aws\"]",
      "instances": []
    },
    {
      "mode": "managed",
      "type": "aws_route_table_association",
      "name": "k8s_public_association_2",
      "provider": "provider[\"registry.terraform.io/hashicorp/aws\"]",
      "instances": []
    },
    {
      "mode": "managed",
      "type": "aws_security_group",
      "name": "bastion_security_group",
      "provider": "provider[\"registry.terraform.io/hashicorp/aws\"]",
      "instances": [
        {
          "schema_version": 1,
          "attributes": {
            "arn": "arn:aws:ec2:us-east-1:000982191218:security-group/sg-0fc272a84e04022b0",
            "description": "Security Group for mjs-bastion Bastion Host",
            "egress": [
              {
                "cidr_blocks": [
                  "0.0.0.0/0"
                ],
                "description": "",
                "from_port": 0,
                "ipv6_cidr_blocks": [],
                "prefix_list_ids": [],
                "protocol": "-1",
                "security_groups": [],
                "self": false,
                "to_port": 0
              }
            ],
            "id": "sg-0fc272a84e04022b0",
            "ingress": [
              {
                "cidr_blocks": [
                  "0.0.0.0/0"
                ],
                "description": "",
                "from_port": 22,
                "ipv6_cidr_blocks": [],
                "prefix_list_ids": [],
                "protocol": "tcp",
                "security_groups": [],
                "self": false,
                "to_port": 22
              }
            ],
            "name": "mjs-bastion-bastion-sg",
            "name_prefix": "",
            "owner_id": "000982191218",
            "revoke_rules_on_delete": false,
            "tags": null,
            "tags_all": {},
            "timeouts": null,
            "vpc_id": "vpc-080ccf0215acb4be3"
          },
          "sensitive_attributes": [],
          "private": "eyJlMmJmYjczMC1lY2FhLTExZTYtOGY4OC0zNDM2M2JjN2M0YzAiOnsiY3JlYXRlIjo2MDAwMDAwMDAwMDAsImRlbGV0ZSI6OTAwMDAwMDAwMDAwfSwic2NoZW1hX3ZlcnNpb24iOiIxIn0=",
          "dependencies": [
            "aws_vpc.mjs-vpc"
          ]
        }
      ]
    },
    {
      "mode": "managed",
      "type": "aws_security_group",
      "name": "mjs-securitygroup",
      "provider": "provider[\"registry.terraform.io/hashicorp/aws\"]",
      "instances": [
        {
          "schema_version": 1,
          "attributes": {
            "arn": "arn:aws:ec2:us-east-1:000982191218:security-group/sg-072cef1dc4faf4f41",
            "description": "Test_mjs",
            "egress": [
              {
                "cidr_blocks": [
                  "0.0.0.0/0"
                ],
                "description": "",
                "from_port": 0,
                "ipv6_cidr_blocks": [],
                "prefix_list_ids": [],
                "protocol": "-1",
                "security_groups": [],
                "self": false,
                "to_port": 0
              }
            ],
            "id": "sg-072cef1dc4faf4f41",
            "ingress": [
              {
                "cidr_blocks": [
                  "0.0.0.0/0"
                ],
                "description": "all Access",
                "from_port": 0,
                "ipv6_cidr_blocks": [],
                "prefix_list_ids": [],
                "protocol": "-1",
                "security_groups": [],
                "self": false,
                "to_port": 0
              }
            ],
            "name": "mjs-securitygroup",
            "name_prefix": "",
            "owner_id": "000982191218",
            "revoke_rules_on_delete": false,
            "tags": {
              "Name": "allow_Access"
            },
            "tags_all": {
              "Name": "allow_Access"
            },
            "timeouts": null,
            "vpc_id": "vpc-080ccf0215acb4be3"
          },
          "sensitive_attributes": [],
          "private": "eyJlMmJmYjczMC1lY2FhLTExZTYtOGY4OC0zNDM2M2JjN2M0YzAiOnsiY3JlYXRlIjo2MDAwMDAwMDAwMDAsImRlbGV0ZSI6OTAwMDAwMDAwMDAwfSwic2NoZW1hX3ZlcnNpb24iOiIxIn0=",
          "dependencies": [
            "aws_vpc.mjs-vpc"
          ]
        }
      ]
    },
    {
      "mode": "managed",
      "type": "aws_subnet",
      "name": "k8s_private_subnet_1",
      "provider": "provider[\"registry.terraform.io/hashicorp/aws\"]",
      "instances": [
        {
          "schema_version": 1,
          "attributes": {
            "arn": "arn:aws:ec2:us-east-1:000982191218:subnet/subnet-0510fbca80352cc91",
            "assign_ipv6_address_on_creation": false,
            "availability_zone": "us-east-1a",
            "availability_zone_id": "use1-az1",
            "cidr_block": "10.0.100.0/24",
            "customer_owned_ipv4_pool": "",
            "enable_dns64": false,
            "enable_resource_name_dns_a_record_on_launch": false,
            "enable_resource_name_dns_aaaa_record_on_launch": false,
            "id": "subnet-0510fbca80352cc91",
            "ipv6_cidr_block": "",
            "ipv6_cidr_block_association_id": "",
            "ipv6_native": false,
            "map_customer_owned_ip_on_launch": false,
            "map_public_ip_on_launch": false,
            "outpost_arn": "",
            "owner_id": "000982191218",
            "private_dns_hostname_type_on_launch": "ip-name",
            "tags": {
              "Name": "mjs-private-subnet-1",
              "Owner": "mjs",
              "Service": "k8s_example",
              "kubernetes.io/cluster/mjs-terraform-eks": "shared",
              "kubernetes.io/role/internal-elb": "1"
            },
            "tags_all": {
              "Name": "mjs-private-subnet-1",
              "Owner": "mjs",
              "Service": "k8s_example",
              "kubernetes.io/cluster/mjs-terraform-eks": "shared",
              "kubernetes.io/role/internal-elb": "1"
            },
            "timeouts": null,
            "vpc_id": "vpc-080ccf0215acb4be3"
          },
          "sensitive_attributes": [],
          "private": "eyJlMmJmYjczMC1lY2FhLTExZTYtOGY4OC0zNDM2M2JjN2M0YzAiOnsiY3JlYXRlIjo2MDAwMDAwMDAwMDAsImRlbGV0ZSI6MTIwMDAwMDAwMDAwMH0sInNjaGVtYV92ZXJzaW9uIjoiMSJ9",
          "dependencies": [
            "aws_vpc.mjs-vpc",
            "data.aws_availability_zones.available"
          ]
        }
      ]
    },
    {
      "mode": "managed",
      "type": "aws_subnet",
      "name": "k8s_private_subnet_2",
      "provider": "provider[\"registry.terraform.io/hashicorp/aws\"]",
      "instances": [
        {
          "schema_version": 1,
          "attributes": {
            "arn": "arn:aws:ec2:us-east-1:000982191218:subnet/subnet-09f2f738c08f60c02",
            "assign_ipv6_address_on_creation": false,
            "availability_zone": "us-east-1b",
            "availability_zone_id": "use1-az2",
            "cidr_block": "10.0.200.0/24",
            "customer_owned_ipv4_pool": "",
            "enable_dns64": false,
            "enable_resource_name_dns_a_record_on_launch": false,
            "enable_resource_name_dns_aaaa_record_on_launch": false,
            "id": "subnet-09f2f738c08f60c02",
            "ipv6_cidr_block": "",
            "ipv6_cidr_block_association_id": "",
            "ipv6_native": false,
            "map_customer_owned_ip_on_launch": false,
            "map_public_ip_on_launch": false,
            "outpost_arn": "",
            "owner_id": "000982191218",
            "private_dns_hostname_type_on_launch": "ip-name",
            "tags": {
              "Name": "mjs-private-subnet-2",
              "Owner": "mjs",
              "Service": "k8s_example",
              "kubernetes.io/cluster/mjs-terraform-eks": "shared",
              "kubernetes.io/role/internal-elb": "1"
            },
            "tags_all": {
              "Name": "mjs-private-subnet-2",
              "Owner": "mjs",
              "Service": "k8s_example",
              "kubernetes.io/cluster/mjs-terraform-eks": "shared",
              "kubernetes.io/role/internal-elb": "1"
            },
            "timeouts": null,
            "vpc_id": "vpc-080ccf0215acb4be3"
          },
          "sensitive_attributes": [],
          "private": "eyJlMmJmYjczMC1lY2FhLTExZTYtOGY4OC0zNDM2M2JjN2M0YzAiOnsiY3JlYXRlIjo2MDAwMDAwMDAwMDAsImRlbGV0ZSI6MTIwMDAwMDAwMDAwMH0sInNjaGVtYV92ZXJzaW9uIjoiMSJ9",
          "dependencies": [
            "aws_vpc.mjs-vpc",
            "data.aws_availability_zones.available"
          ]
        }
      ]
    },
    {
      "mode": "managed",
      "type": "aws_subnet",
      "name": "k8s_public_subnet_1",
      "provider": "provider[\"registry.terraform.io/hashicorp/aws\"]",
      "instances": [
        {
          "schema_version": 1,
          "attributes": {
            "arn": "arn:aws:ec2:us-east-1:000982191218:subnet/subnet-00305cfca13f433b2",
            "assign_ipv6_address_on_creation": false,
            "availability_zone": "us-east-1a",
            "availability_zone_id": "use1-az1",
            "cidr_block": "10.0.1.0/24",
            "customer_owned_ipv4_pool": "",
            "enable_dns64": false,
            "enable_resource_name_dns_a_record_on_launch": false,
            "enable_resource_name_dns_aaaa_record_on_launch": false,
            "id": "subnet-00305cfca13f433b2",
            "ipv6_cidr_block": "",
            "ipv6_cidr_block_association_id": "",
            "ipv6_native": false,
            "map_customer_owned_ip_on_launch": false,
            "map_public_ip_on_launch": true,
            "outpost_arn": "",
            "owner_id": "000982191218",
            "private_dns_hostname_type_on_launch": "ip-name",
            "tags": {
              "Name": "mjs-publicsubnet-1",
              "Owner": "mjs",
              "Service": "k8s_example",
              "kubernetes.io/role/elb": "1"
            },
            "tags_all": {
              "Name": "mjs-publicsubnet-1",
              "Owner": "mjs",
              "Service": "k8s_example",
              "kubernetes.io/role/elb": "1"
            },
            "timeouts": null,
            "vpc_id": "vpc-080ccf0215acb4be3"
          },
          "sensitive_attributes": [],
          "private": "eyJlMmJmYjczMC1lY2FhLTExZTYtOGY4OC0zNDM2M2JjN2M0YzAiOnsiY3JlYXRlIjo2MDAwMDAwMDAwMDAsImRlbGV0ZSI6MTIwMDAwMDAwMDAwMH0sInNjaGVtYV92ZXJzaW9uIjoiMSJ9",
          "dependencies": [
            "aws_vpc.mjs-vpc",
            "data.aws_availability_zones.available"
          ]
        }
      ]
    },
    {
      "mode": "managed",
      "type": "aws_subnet",
      "name": "k8s_public_subnet_2",
      "provider": "provider[\"registry.terraform.io/hashicorp/aws\"]",
      "instances": [
        {
          "schema_version": 1,
          "attributes": {
            "arn": "arn:aws:ec2:us-east-1:000982191218:subnet/subnet-09daa57a9abedd1d1",
            "assign_ipv6_address_on_creation": false,
            "availability_zone": "us-east-1b",
            "availability_zone_id": "use1-az2",
            "cidr_block": "10.0.2.0/24",
            "customer_owned_ipv4_pool": "",
            "enable_dns64": false,
            "enable_resource_name_dns_a_record_on_launch": false,
            "enable_resource_name_dns_aaaa_record_on_launch": false,
            "id": "subnet-09daa57a9abedd1d1",
            "ipv6_cidr_block": "",
            "ipv6_cidr_block_association_id": "",
            "ipv6_native": false,
            "map_customer_owned_ip_on_launch": false,
            "map_public_ip_on_launch": true,
            "outpost_arn": "",
            "owner_id": "000982191218",
            "private_dns_hostname_type_on_launch": "ip-name",
            "tags": {
              "Name": "mjs-public-subnet-2",
              "Owner": "mjs",
              "Service": "k8s_example",
              "kubernetes.io/role/elb": "1"
            },
            "tags_all": {
              "Name": "mjs-public-subnet-2",
              "Owner": "mjs",
              "Service": "k8s_example",
              "kubernetes.io/role/elb": "1"
            },
            "timeouts": null,
            "vpc_id": "vpc-080ccf0215acb4be3"
          },
          "sensitive_attributes": [],
          "private": "eyJlMmJmYjczMC1lY2FhLTExZTYtOGY4OC0zNDM2M2JjN2M0YzAiOnsiY3JlYXRlIjo2MDAwMDAwMDAwMDAsImRlbGV0ZSI6MTIwMDAwMDAwMDAwMH0sInNjaGVtYV92ZXJzaW9uIjoiMSJ9",
          "dependencies": [
            "aws_vpc.mjs-vpc",
            "data.aws_availability_zones.available"
          ]
        }
      ]
    },
    {
      "mode": "managed",
      "type": "aws_vpc",
      "name": "mjs-vpc",
      "provider": "provider[\"registry.terraform.io/hashicorp/aws\"]",
      "instances": [
        {
          "schema_version": 1,
          "attributes": {
            "arn": "arn:aws:ec2:us-east-1:000982191218:vpc/vpc-080ccf0215acb4be3",
            "assign_generated_ipv6_cidr_block": false,
            "cidr_block": "10.0.0.0/16",
            "default_network_acl_id": "acl-01a20877dcdd8fb37",
            "default_route_table_id": "rtb-04c687638a3674874",
            "default_security_group_id": "sg-0d060c713b39ce27b",
            "dhcp_options_id": "dopt-090efa73",
            "enable_classiclink": false,
            "enable_classiclink_dns_support": false,
            "enable_dns_hostnames": true,
            "enable_dns_support": true,
            "id": "vpc-080ccf0215acb4be3",
            "instance_tenancy": "default",
            "ipv4_ipam_pool_id": null,
            "ipv4_netmask_length": null,
            "ipv6_association_id": "",
            "ipv6_cidr_block": "",
            "ipv6_cidr_block_network_border_group": "",
            "ipv6_ipam_pool_id": "",
            "ipv6_netmask_length": 0,
            "main_route_table_id": "rtb-04c687638a3674874",
            "owner_id": "000982191218",
            "tags": {
              "Name": "mjs_vpc",
              "Owner": "mjs",
              "Service": "k8s_mjs",
              "kubernetes.io/cluster/mjs-terraform-eks": "shared"
            },
            "tags_all": {
              "Name": "mjs_vpc",
              "Owner": "mjs",
              "Service": "k8s_mjs",
              "kubernetes.io/cluster/mjs-terraform-eks": "shared"
            }
          },
          "sensitive_attributes": [],
          "private": "eyJzY2hlbWFfdmVyc2lvbiI6IjEifQ=="
        }
      ]
    },
    {
      "mode": "managed",
      "type": "kubernetes_config_map",
      "name": "kubernetes-config",
      "provider": "provider[\"registry.terraform.io/hashicorp/kubernetes\"]",
      "instances": [
        {
          "schema_version": 0,
          "attributes": {
            "binary_data": null,
            "data": {
              "mapRoles": "- \"groups\":\n  - \"system:bootstrappers\"\n  - \"system:nodes\"\n  \"rolearn\": \"arn:aws:iam::000982191218:role/eks-terraform-node-role\"\n  \"username\": \"system:node:{{EC2PrivateDNSName}}\"\n"
            },
            "id": "kube-system/kubernetes-config",
            "metadata": [
              {
                "annotations": null,
                "generate_name": "",
                "generation": 0,
                "labels": null,
                "name": "kubernetes-config",
                "namespace": "kube-system",
                "resource_version": "1137",
                "uid": "c786fd30-5460-4e81-867a-67f21cce3c6f"
              }
            ]
          },
          "sensitive_attributes": [],
          "private": "bnVsbA==",
          "dependencies": [
            "aws_cloudwatch_log_group.mjs-cloudwatch",
            "aws_eks_cluster.mjs-terraform-eks",
            "aws_iam_role.eks-terraform-node-role",
            "aws_iam_role.mjs-eks-iam",
            "aws_iam_role_policy_attachment.mjs-AmazonEKSClusterPolicy",
            "aws_iam_role_policy_attachment.mjs-AmazonEKSVPCResourceController",
            "aws_security_group.mjs-securitygroup",
            "aws_subnet.k8s_private_subnet_1",
            "aws_subnet.k8s_private_subnet_2",
            "aws_vpc.mjs-vpc",
            "data.aws_availability_zones.available",
            "data.aws_eks_cluster_auth.eks-auth"
          ]
        }
      ]
    }
  ]
}
